
Microsoft Visual Studio Solution File, Format Version 12.00
# Visual Studio 2013
VisualStudioVersion = 12.0.31101.0
MinimumVisualStudioVersion = 10.0.40219.1
Project("{FAE04EC0-301F-11D3-BF4B-00C04F79EFBC}") = "BoonieBear.DeckUnit.DAL", "BoonieBear.DeckUnit.DAL\BoonieBear.DeckUnit.DAL.csproj", "{14AF1D53-3A3E-4740-A56B-C93555DD21A9}"
EndProject
Project("{FAE04EC0-301F-11D3-BF4B-00C04F79EFBC}") = "BoonieBear.DeckUnit.SysResourceLib", "BoonieBear.DeckUnit.SysResourceLib\BoonieBear.DeckUnit.SysResourceLib.csproj", "{48BAF198-55B8-4BCB-92F9-BAA0A98B4FE9}"
EndProject
Project("{FAE04EC0-301F-11D3-BF4B-00C04F79EFBC}") = "BoonieBear.DeckUnit.CommLib", "BoonieBear.DeckUnit.CommLib\BoonieBear.DeckUnit.CommLib.csproj", "{B2127A13-6FE1-4B46-98EA-6F4BB565670C}"
EndProject
Project("{FAE04EC0-301F-11D3-BF4B-00C04F79EFBC}") = "BoonieBear.DeckUnit.Box", "BoonieBear.DeckUnit\BoonieBear.DeckUnit.Box.csproj", "{E0304F04-479B-4075-81DD-FF598EB0B886}"
EndProject
Project("{FAE04EC0-301F-11D3-BF4B-00C04F79EFBC}") = "BoonieBear.DeckUnit.SysResourceLibTests", "BoonieBear.DeckUnit.SysResourceLibTests\BoonieBear.DeckUnit.SysResourceLibTests.csproj", "{83321B3C-59FC-4EE7-837C-2A8AAE9CABBD}"
EndProject
Project("{FAE04EC0-301F-11D3-BF4B-00C04F79EFBC}") = "BoonieBear.DeckUnit.UtilitiesTests", "BoonieBear.DeckUnit.UtilitiesTests\BoonieBear.DeckUnit.UtilitiesTests.csproj", "{41D7133A-6565-4EB6-AD11-9B3B4C016A08}"
EndProject
Project("{FAE04EC0-301F-11D3-BF4B-00C04F79EFBC}") = "BoonieBear.DeckUnit.CommLibTests", "BoonieBear.DeckUnit.CommLibTests\BoonieBear.DeckUnit.CommLibTests.csproj", "{FAD9C2CE-02DA-4E40-9201-1EA610C681C5}"
EndProject
Project("{FAE04EC0-301F-11D3-BF4B-00C04F79EFBC}") = "BoonieBear.DeckUnit.DALTests", "BoonieBear.DeckUnit.DALTests\BoonieBear.DeckUnit.DALTests.csproj", "{52B8E535-646D-4C0F-9E9D-ABE8F6E333CA}"
EndProject
Project("{FAE04EC0-301F-11D3-BF4B-00C04F79EFBC}") = "BoonieBear.DeckUnit.Test4500netDemo", "Test4500netDemo\BoonieBear.DeckUnit.Test4500netDemo.csproj", "{2CF7304E-30C8-4E62-81D1-6BF26BD560A9}"
EndProject
Project("{FAE04EC0-301F-11D3-BF4B-00C04F79EFBC}") = "BoonieBear.DeckUnit.Mov4500UI", "BoonieBear.DeckUnit.Mov4500DC\BoonieBear.DeckUnit.Mov4500UI.csproj", "{8D48C4C2-3539-4AB6-B365-600C88273879}"
EndProject
Project("{FAE04EC0-301F-11D3-BF4B-00C04F79EFBC}") = "BoonieBear.DeckUnit.BP", "BoonieBear.DeckUnit.BP\BoonieBear.DeckUnit.BP.csproj", "{476D97E4-3F48-4408-AB90-7A28412045F7}"
EndProject
Project("{FAE04EC0-301F-11D3-BF4B-00C04F79EFBC}") = "BoonieBear.DeckUnit.ADCP", "BoonieBear.DeckUnit.ADCP\BoonieBear.DeckUnit.ADCP.csproj", "{93CF71AD-5360-4205-B274-6082CB3A2928}"
EndProject
Project("{FAE04EC0-301F-11D3-BF4B-00C04F79EFBC}") = "BoonieBear.DeckUnit.Device", "BoonieBear.DeckUnit.DeviceParser\BoonieBear.DeckUnit.Device.csproj", "{2DB044FA-29CF-411C-A50E-5EE0910C1B09}"
EndProject
Project("{2150E333-8FDC-42A3-9474-1A3956D46DE8}") = "UnitTest", "UnitTest", "{2775A811-EF20-4DC6-A306-ACB6C18D3579}"
EndProject
Project("{2150E333-8FDC-42A3-9474-1A3956D46DE8}") = "UI", "UI", "{5E9B8579-4671-443F-87AE-C4C4A63E5832}"
EndProject
Project("{2150E333-8FDC-42A3-9474-1A3956D46DE8}") = "InternalModules", "InternalModules", "{DB38C11D-FC0C-4FDB-9AAE-775F2F268546}"
EndProject
Project("{FAE04EC0-301F-11D3-BF4B-00C04F79EFBC}") = "BoonieBear.DeckUnit.JsonUtils", "BoonieBear.DeckUnit.JsonUtils\BoonieBear.DeckUnit.JsonUtils.csproj", "{6D2207DE-8C36-428A-BD96-614C75DD5A0C}"
EndProject
Project("{FAE04EC0-301F-11D3-BF4B-00C04F79EFBC}") = "BoonieBear.DeckUnit.TraceFileService", "BoonieBear.DeckUnit.TraceFileService\BoonieBear.DeckUnit.TraceFileService.csproj", "{56002669-156C-4002-9072-E4329E1D1B2C}"
EndProject
Project("{FAE04EC0-301F-11D3-BF4B-00C04F79EFBC}") = "BoonieBear.DeckUnit.LiveService", "BoonieBear.DeckUnit.LiveService\BoonieBear.DeckUnit.LiveService.csproj", "{8340D7E7-7D37-4A6A-BC9F-DB956BCE9218}"
EndProject
Project("{2150E333-8FDC-42A3-9474-1A3956D46DE8}") = "DataSource", "DataSource", "{79976105-A143-4C1E-8053-FF897934AAE4}"
EndProject
Project("{2150E333-8FDC-42A3-9474-1A3956D46DE8}") = "DataStorage", "DataStorage", "{327D85D0-D338-4584-8ADC-F081ABBB8206}"
EndProject
Project("{FAE04EC0-301F-11D3-BF4B-00C04F79EFBC}") = "BoonieBear.DeckUnit.FileService", "BoonieBear.DeckUnit.FileService\BoonieBear.DeckUnit.FileService.csproj", "{BF8892B7-CA8F-4FF8-B7C3-766CD512C7F4}"
EndProject
Project("{FAE04EC0-301F-11D3-BF4B-00C04F79EFBC}") = "BoonieBear.DeckUnit.VoiceManager", "BoonieBear.DeckUnit.VoiceManager\BoonieBear.DeckUnit.VoiceManager.csproj", "{515E0E25-DE62-4C8B-890F-9EACFF65B79F}"
EndProject
Project("{FAE04EC0-301F-11D3-BF4B-00C04F79EFBC}") = "BoonieBear.DeckUnit.TraceFileServiceTests", "BoonieBear.DeckUnit.TraceFileServiceTests\BoonieBear.DeckUnit.TraceFileServiceTests.csproj", "{D7C9F853-3B0D-4F07-AAEC-7A59F1081260}"
EndProject
Project("{FAE04EC0-301F-11D3-BF4B-00C04F79EFBC}") = "BoonieBear.DeckUnit.ACMP", "BoonieBear.DeckUnit.ACMP\BoonieBear.DeckUnit.ACMP.csproj", "{6FFCAD15-3E47-44DA-A462-5DC2871B17C0}"
EndProject
Project("{FAE04EC0-301F-11D3-BF4B-00C04F79EFBC}") = "BoonieBear.DeckUnit.ACNP", "BoonieBear.DeckUnit.ACNP\BoonieBear.DeckUnit.ACNP.csproj", "{61F9032E-AE3B-4FD8-988B-1CFA90C5B5B2}"
EndProject
Project("{2150E333-8FDC-42A3-9474-1A3956D46DE8}") = "Protocols", "Protocols", "{848C1CE1-ED98-4A40-BAFA-DE50E1C01966}"
EndProject
Project("{FAE04EC0-301F-11D3-BF4B-00C04F79EFBC}") = "BoonieBear.DeckUnit.UBP", "BoonieBear.DeckUnit.UBP\BoonieBear.DeckUnit.UBP.csproj", "{436A819B-CEE9-4FD7-BDC5-03111A5ED85E}"
EndProject
Project("{2150E333-8FDC-42A3-9474-1A3956D46DE8}") = "DataSourceService", "DataSourceService", "{5F128C97-A1D4-47B2-A9AB-1EDAE9D21041}"
EndProject
Project("{2150E333-8FDC-42A3-9474-1A3956D46DE8}") = "DataStorageService", "DataStorageService", "{5C9A4FAE-0A5E-41D4-93AE-0C1A4453EDB1}"
EndProject
Project("{FAE04EC0-301F-11D3-BF4B-00C04F79EFBC}") = "BoonieBear.DeckUnit.Mov4500TraceService", "BoonieBear.DeckUnit.Mov4500TraceService\BoonieBear.DeckUnit.Mov4500TraceService.csproj", "{6B3EF1BA-0782-4E89-ABD5-927C553CB0CF}"
EndProject
Project("{FAE04EC0-301F-11D3-BF4B-00C04F79EFBC}") = "BoonieBear.DeckUnit.UnitBoxTraceService", "BoonieBear.DeckUnit.UnitBoxTraceService\BoonieBear.DeckUnit.UnitBoxTraceService.csproj", "{F8F3FAD9-F0B9-46B4-A4AF-995A3EEB1F3F}"
EndProject
Project("{FAE04EC0-301F-11D3-BF4B-00C04F79EFBC}") = "BoonieBear.DeckUnit.ICore", "BoonieBear.DeckUnit.Core\BoonieBear.DeckUnit.ICore.csproj", "{0FAF0E99-79B6-4F10-9A22-ED1839E22387}"
EndProject
Global
	GlobalSection(SolutionConfigurationPlatforms) = preSolution
		Debug|Any CPU = Debug|Any CPU
		Debug|Mixed Platforms = Debug|Mixed Platforms
		Debug|x86 = Debug|x86
		Release|Any CPU = Release|Any CPU
		Release|Mixed Platforms = Release|Mixed Platforms
		Release|x86 = Release|x86
	EndGlobalSection
	GlobalSection(ProjectConfigurationPlatforms) = postSolution
		{14AF1D53-3A3E-4740-A56B-C93555DD21A9}.Debug|Any CPU.ActiveCfg = Debug|Any CPU
		{14AF1D53-3A3E-4740-A56B-C93555DD21A9}.Debug|Any CPU.Build.0 = Debug|Any CPU
		{14AF1D53-3A3E-4740-A56B-C93555DD21A9}.Debug|Mixed Platforms.ActiveCfg = Debug|Any CPU
		{14AF1D53-3A3E-4740-A56B-C93555DD21A9}.Debug|Mixed Platforms.Build.0 = Debug|Any CPU
		{14AF1D53-3A3E-4740-A56B-C93555DD21A9}.Debug|x86.ActiveCfg = Debug|x86
		{14AF1D53-3A3E-4740-A56B-C93555DD21A9}.Debug|x86.Build.0 = Debug|x86
		{14AF1D53-3A3E-4740-A56B-C93555DD21A9}.Release|Any CPU.ActiveCfg = Release|Any CPU
		{14AF1D53-3A3E-4740-A56B-C93555DD21A9}.Release|Any CPU.Build.0 = Release|Any CPU
		{14AF1D53-3A3E-4740-A56B-C93555DD21A9}.Release|Mixed Platforms.ActiveCfg = Release|x86
		{14AF1D53-3A3E-4740-A56B-C93555DD21A9}.Release|Mixed Platforms.Build.0 = Release|x86
		{14AF1D53-3A3E-4740-A56B-C93555DD21A9}.Release|x86.ActiveCfg = Release|x86
		{14AF1D53-3A3E-4740-A56B-C93555DD21A9}.Release|x86.Build.0 = Release|x86
		{48BAF198-55B8-4BCB-92F9-BAA0A98B4FE9}.Debug|Any CPU.ActiveCfg = Debug|Any CPU
		{48BAF198-55B8-4BCB-92F9-BAA0A98B4FE9}.Debug|Any CPU.Build.0 = Debug|Any CPU
		{48BAF198-55B8-4BCB-92F9-BAA0A98B4FE9}.Debug|Mixed Platforms.ActiveCfg = Debug|Any CPU
		{48BAF198-55B8-4BCB-92F9-BAA0A98B4FE9}.Debug|Mixed Platforms.Build.0 = Debug|Any CPU
		{48BAF198-55B8-4BCB-92F9-BAA0A98B4FE9}.Debug|x86.ActiveCfg = Debug|x86
		{48BAF198-55B8-4BCB-92F9-BAA0A98B4FE9}.Debug|x86.Build.0 = Debug|x86
		{48BAF198-55B8-4BCB-92F9-BAA0A98B4FE9}.Release|Any CPU.ActiveCfg = Release|Any CPU
		{48BAF198-55B8-4BCB-92F9-BAA0A98B4FE9}.Release|Any CPU.Build.0 = Release|Any CPU
		{48BAF198-55B8-4BCB-92F9-BAA0A98B4FE9}.Release|Mixed Platforms.ActiveCfg = Release|x86
		{48BAF198-55B8-4BCB-92F9-BAA0A98B4FE9}.Release|Mixed Platforms.Build.0 = Release|x86
		{48BAF198-55B8-4BCB-92F9-BAA0A98B4FE9}.Release|x86.ActiveCfg = Release|x86
		{48BAF198-55B8-4BCB-92F9-BAA0A98B4FE9}.Release|x86.Build.0 = Release|x86
		{B2127A13-6FE1-4B46-98EA-6F4BB565670C}.Debug|Any CPU.ActiveCfg = Debug|Any CPU
		{B2127A13-6FE1-4B46-98EA-6F4BB565670C}.Debug|Any CPU.Build.0 = Debug|Any CPU
		{B2127A13-6FE1-4B46-98EA-6F4BB565670C}.Debug|Mixed Platforms.ActiveCfg = Debug|Any CPU
		{B2127A13-6FE1-4B46-98EA-6F4BB565670C}.Debug|Mixed Platforms.Build.0 = Debug|Any CPU
		{B2127A13-6FE1-4B46-98EA-6F4BB565670C}.Debug|x86.ActiveCfg = Debug|x86
		{B2127A13-6FE1-4B46-98EA-6F4BB565670C}.Debug|x86.Build.0 = Debug|x86
		{B2127A13-6FE1-4B46-98EA-6F4BB565670C}.Release|Any CPU.ActiveCfg = Release|Any CPU
		{B2127A13-6FE1-4B46-98EA-6F4BB565670C}.Release|Any CPU.Build.0 = Release|Any CPU
		{B2127A13-6FE1-4B46-98EA-6F4BB565670C}.Release|Mixed Platforms.ActiveCfg = Release|x86
		{B2127A13-6FE1-4B46-98EA-6F4BB565670C}.Release|Mixed Platforms.Build.0 = Release|x86
		{B2127A13-6FE1-4B46-98EA-6F4BB565670C}.Release|x86.ActiveCfg = Release|x86
		{B2127A13-6FE1-4B46-98EA-6F4BB565670C}.Release|x86.Build.0 = Release|x86
		{E0304F04-479B-4075-81DD-FF598EB0B886}.Debug|Any CPU.ActiveCfg = Debug|Any CPU
		{E0304F04-479B-4075-81DD-FF598EB0B886}.Debug|Any CPU.Build.0 = Debug|Any CPU
		{E0304F04-479B-4075-81DD-FF598EB0B886}.Debug|Mixed Platforms.ActiveCfg = Debug|Any CPU
		{E0304F04-479B-4075-81DD-FF598EB0B886}.Debug|Mixed Platforms.Build.0 = Debug|Any CPU
		{E0304F04-479B-4075-81DD-FF598EB0B886}.Debug|x86.ActiveCfg = Debug|Any CPU
		{E0304F04-479B-4075-81DD-FF598EB0B886}.Release|Any CPU.ActiveCfg = Release|Any CPU
		{E0304F04-479B-4075-81DD-FF598EB0B886}.Release|Any CPU.Build.0 = Release|Any CPU
		{E0304F04-479B-4075-81DD-FF598EB0B886}.Release|Mixed Platforms.ActiveCfg = Release|Any CPU
		{E0304F04-479B-4075-81DD-FF598EB0B886}.Release|Mixed Platforms.Build.0 = Release|Any CPU
		{E0304F04-479B-4075-81DD-FF598EB0B886}.Release|x86.ActiveCfg = Release|Any CPU
		{83321B3C-59FC-4EE7-837C-2A8AAE9CABBD}.Debug|Any CPU.ActiveCfg = Debug|Any CPU
		{83321B3C-59FC-4EE7-837C-2A8AAE9CABBD}.Debug|Any CPU.Build.0 = Debug|Any CPU
		{83321B3C-59FC-4EE7-837C-2A8AAE9CABBD}.Debug|Mixed Platforms.ActiveCfg = Debug|Any CPU
		{83321B3C-59FC-4EE7-837C-2A8AAE9CABBD}.Debug|Mixed Platforms.Build.0 = Debug|Any CPU
		{83321B3C-59FC-4EE7-837C-2A8AAE9CABBD}.Debug|x86.ActiveCfg = Debug|Any CPU
		{83321B3C-59FC-4EE7-837C-2A8AAE9CABBD}.Release|Any CPU.ActiveCfg = Release|Any CPU
		{83321B3C-59FC-4EE7-837C-2A8AAE9CABBD}.Release|Any CPU.Build.0 = Release|Any CPU
		{83321B3C-59FC-4EE7-837C-2A8AAE9CABBD}.Release|Mixed Platforms.ActiveCfg = Release|Any CPU
		{83321B3C-59FC-4EE7-837C-2A8AAE9CABBD}.Release|Mixed Platforms.Build.0 = Release|Any CPU
		{83321B3C-59FC-4EE7-837C-2A8AAE9CABBD}.Release|x86.ActiveCfg = Release|Any CPU
		{41D7133A-6565-4EB6-AD11-9B3B4C016A08}.Debug|Any CPU.ActiveCfg = Debug|Any CPU
		{41D7133A-6565-4EB6-AD11-9B3B4C016A08}.Debug|Any CPU.Build.0 = Debug|Any CPU
		{41D7133A-6565-4EB6-AD11-9B3B4C016A08}.Debug|Mixed Platforms.ActiveCfg = Debug|Any CPU
		{41D7133A-6565-4EB6-AD11-9B3B4C016A08}.Debug|Mixed Platforms.Build.0 = Debug|Any CPU
		{41D7133A-6565-4EB6-AD11-9B3B4C016A08}.Debug|x86.ActiveCfg = Debug|Any CPU
		{41D7133A-6565-4EB6-AD11-9B3B4C016A08}.Release|Any CPU.ActiveCfg = Release|Any CPU
		{41D7133A-6565-4EB6-AD11-9B3B4C016A08}.Release|Any CPU.Build.0 = Release|Any CPU
		{41D7133A-6565-4EB6-AD11-9B3B4C016A08}.Release|Mixed Platforms.ActiveCfg = Release|Any CPU
		{41D7133A-6565-4EB6-AD11-9B3B4C016A08}.Release|Mixed Platforms.Build.0 = Release|Any CPU
		{41D7133A-6565-4EB6-AD11-9B3B4C016A08}.Release|x86.ActiveCfg = Release|Any CPU
		{FAD9C2CE-02DA-4E40-9201-1EA610C681C5}.Debug|Any CPU.ActiveCfg = Debug|Any CPU
		{FAD9C2CE-02DA-4E40-9201-1EA610C681C5}.Debug|Any CPU.Build.0 = Debug|Any CPU
		{FAD9C2CE-02DA-4E40-9201-1EA610C681C5}.Debug|Mixed Platforms.ActiveCfg = Debug|Any CPU
		{FAD9C2CE-02DA-4E40-9201-1EA610C681C5}.Debug|Mixed Platforms.Build.0 = Debug|Any CPU
		{FAD9C2CE-02DA-4E40-9201-1EA610C681C5}.Debug|x86.ActiveCfg = Debug|Any CPU
		{FAD9C2CE-02DA-4E40-9201-1EA610C681C5}.Release|Any CPU.ActiveCfg = Release|Any CPU
		{FAD9C2CE-02DA-4E40-9201-1EA610C681C5}.Release|Any CPU.Build.0 = Release|Any CPU
		{FAD9C2CE-02DA-4E40-9201-1EA610C681C5}.Release|Mixed Platforms.ActiveCfg = Release|Any CPU
		{FAD9C2CE-02DA-4E40-9201-1EA610C681C5}.Release|Mixed Platforms.Build.0 = Release|Any CPU
		{FAD9C2CE-02DA-4E40-9201-1EA610C681C5}.Release|x86.ActiveCfg = Release|Any CPU
		{52B8E535-646D-4C0F-9E9D-ABE8F6E333CA}.Debug|Any CPU.ActiveCfg = Debug|Any CPU
		{52B8E535-646D-4C0F-9E9D-ABE8F6E333CA}.Debug|Any CPU.Build.0 = Debug|Any CPU
		{52B8E535-646D-4C0F-9E9D-ABE8F6E333CA}.Debug|Mixed Platforms.ActiveCfg = Debug|Any CPU
		{52B8E535-646D-4C0F-9E9D-ABE8F6E333CA}.Debug|Mixed Platforms.Build.0 = Debug|Any CPU
		{52B8E535-646D-4C0F-9E9D-ABE8F6E333CA}.Debug|x86.ActiveCfg = Debug|Any CPU
		{52B8E535-646D-4C0F-9E9D-ABE8F6E333CA}.Release|Any CPU.ActiveCfg = Release|Any CPU
		{52B8E535-646D-4C0F-9E9D-ABE8F6E333CA}.Release|Any CPU.Build.0 = Release|Any CPU
		{52B8E535-646D-4C0F-9E9D-ABE8F6E333CA}.Release|Mixed Platforms.ActiveCfg = Release|Any CPU
		{52B8E535-646D-4C0F-9E9D-ABE8F6E333CA}.Release|Mixed Platforms.Build.0 = Release|Any CPU
		{52B8E535-646D-4C0F-9E9D-ABE8F6E333CA}.Release|x86.ActiveCfg = Release|Any CPU
		{2CF7304E-30C8-4E62-81D1-6BF26BD560A9}.Debug|Any CPU.ActiveCfg = Debug|Any CPU
		{2CF7304E-30C8-4E62-81D1-6BF26BD560A9}.Debug|Any CPU.Build.0 = Debug|Any CPU
		{2CF7304E-30C8-4E62-81D1-6BF26BD560A9}.Debug|Mixed Platforms.ActiveCfg = Debug|Any CPU
		{2CF7304E-30C8-4E62-81D1-6BF26BD560A9}.Debug|Mixed Platforms.Build.0 = Debug|Any CPU
		{2CF7304E-30C8-4E62-81D1-6BF26BD560A9}.Debug|x86.ActiveCfg = Debug|Any CPU
		{2CF7304E-30C8-4E62-81D1-6BF26BD560A9}.Release|Any CPU.ActiveCfg = Release|Any CPU
		{2CF7304E-30C8-4E62-81D1-6BF26BD560A9}.Release|Any CPU.Build.0 = Release|Any CPU
		{2CF7304E-30C8-4E62-81D1-6BF26BD560A9}.Release|Mixed Platforms.ActiveCfg = Release|Any CPU
		{2CF7304E-30C8-4E62-81D1-6BF26BD560A9}.Release|Mixed Platforms.Build.0 = Release|Any CPU
		{2CF7304E-30C8-4E62-81D1-6BF26BD560A9}.Release|x86.ActiveCfg = Release|Any CPU
		{8D48C4C2-3539-4AB6-B365-600C88273879}.Debug|Any CPU.ActiveCfg = Debug|Any CPU
		{8D48C4C2-3539-4AB6-B365-600C88273879}.Debug|Any CPU.Build.0 = Debug|Any CPU
		{8D48C4C2-3539-4AB6-B365-600C88273879}.Debug|Mixed Platforms.ActiveCfg = Debug|Any CPU
		{8D48C4C2-3539-4AB6-B365-600C88273879}.Debug|Mixed Platforms.Build.0 = Debug|Any CPU
		{8D48C4C2-3539-4AB6-B365-600C88273879}.Debug|x86.ActiveCfg = Debug|Any CPU
		{8D48C4C2-3539-4AB6-B365-600C88273879}.Release|Any CPU.ActiveCfg = Release|Any CPU
		{8D48C4C2-3539-4AB6-B365-600C88273879}.Release|Any CPU.Build.0 = Release|Any CPU
		{8D48C4C2-3539-4AB6-B365-600C88273879}.Release|Mixed Platforms.ActiveCfg = Release|Any CPU
		{8D48C4C2-3539-4AB6-B365-600C88273879}.Release|Mixed Platforms.Build.0 = Release|Any CPU
		{8D48C4C2-3539-4AB6-B365-600C88273879}.Release|x86.ActiveCfg = Release|Any CPU
		{476D97E4-3F48-4408-AB90-7A28412045F7}.Debug|Any CPU.ActiveCfg = Debug|Any CPU
		{476D97E4-3F48-4408-AB90-7A28412045F7}.Debug|Any CPU.Build.0 = Debug|Any CPU
		{476D97E4-3F48-4408-AB90-7A28412045F7}.Debug|Mixed Platforms.ActiveCfg = Debug|Any CPU
		{476D97E4-3F48-4408-AB90-7A28412045F7}.Debug|Mixed Platforms.Build.0 = Debug|Any CPU
		{476D97E4-3F48-4408-AB90-7A28412045F7}.Debug|x86.ActiveCfg = Debug|Any CPU
		{476D97E4-3F48-4408-AB90-7A28412045F7}.Release|Any CPU.ActiveCfg = Release|Any CPU
		{476D97E4-3F48-4408-AB90-7A28412045F7}.Release|Any CPU.Build.0 = Release|Any CPU
		{476D97E4-3F48-4408-AB90-7A28412045F7}.Release|Mixed Platforms.ActiveCfg = Release|Any CPU
		{476D97E4-3F48-4408-AB90-7A28412045F7}.Release|Mixed Platforms.Build.0 = Release|Any CPU
		{476D97E4-3F48-4408-AB90-7A28412045F7}.Release|x86.ActiveCfg = Release|Any CPU
		{93CF71AD-5360-4205-B274-6082CB3A2928}.Debug|Any CPU.ActiveCfg = Debug|Any CPU
		{93CF71AD-5360-4205-B274-6082CB3A2928}.Debug|Any CPU.Build.0 = Debug|Any CPU
		{93CF71AD-5360-4205-B274-6082CB3A2928}.Debug|Mixed Platforms.ActiveCfg = Debug|Any CPU
		{93CF71AD-5360-4205-B274-6082CB3A2928}.Debug|Mixed Platforms.Build.0 = Debug|Any CPU
		{93CF71AD-5360-4205-B274-6082CB3A2928}.Debug|x86.ActiveCfg = Debug|Any CPU
		{93CF71AD-5360-4205-B274-6082CB3A2928}.Release|Any CPU.ActiveCfg = Release|Any CPU
		{93CF71AD-5360-4205-B274-6082CB3A2928}.Release|Any CPU.Build.0 = Release|Any CPU
		{93CF71AD-5360-4205-B274-6082CB3A2928}.Release|Mixed Platforms.ActiveCfg = Release|Any CPU
		{93CF71AD-5360-4205-B274-6082CB3A2928}.Release|Mixed Platforms.Build.0 = Release|Any CPU
		{93CF71AD-5360-4205-B274-6082CB3A2928}.Release|x86.ActiveCfg = Release|Any CPU
		{2DB044FA-29CF-411C-A50E-5EE0910C1B09}.Debug|Any CPU.ActiveCfg = Debug|Any CPU
		{2DB044FA-29CF-411C-A50E-5EE0910C1B09}.Debug|Any CPU.Build.0 = Debug|Any CPU
		{2DB044FA-29CF-411C-A50E-5EE0910C1B09}.Debug|Mixed Platforms.ActiveCfg = Debug|Any CPU
		{2DB044FA-29CF-411C-A50E-5EE0910C1B09}.Debug|Mixed Platforms.Build.0 = Debug|Any CPU
		{2DB044FA-29CF-411C-A50E-5EE0910C1B09}.Debug|x86.ActiveCfg = Debug|Any CPU
		{2DB044FA-29CF-411C-A50E-5EE0910C1B09}.Release|Any CPU.ActiveCfg = Release|Any CPU
		{2DB044FA-29CF-411C-A50E-5EE0910C1B09}.Release|Any CPU.Build.0 = Release|Any CPU
		{2DB044FA-29CF-411C-A50E-5EE0910C1B09}.Release|Mixed Platforms.ActiveCfg = Release|Any CPU
		{2DB044FA-29CF-411C-A50E-5EE0910C1B09}.Release|Mixed Platforms.Build.0 = Release|Any CPU
		{2DB044FA-29CF-411C-A50E-5EE0910C1B09}.Release|x86.ActiveCfg = Release|Any CPU
		{6D2207DE-8C36-428A-BD96-614C75DD5A0C}.Debug|Any CPU.ActiveCfg = Debug|Any CPU
		{6D2207DE-8C36-428A-BD96-614C75DD5A0C}.Debug|Any CPU.Build.0 = Debug|Any CPU
		{6D2207DE-8C36-428A-BD96-614C75DD5A0C}.Debug|Mixed Platforms.ActiveCfg = Debug|Any CPU
		{6D2207DE-8C36-428A-BD96-614C75DD5A0C}.Debug|Mixed Platforms.Build.0 = Debug|Any CPU
		{6D2207DE-8C36-428A-BD96-614C75DD5A0C}.Debug|x86.ActiveCfg = Debug|Any CPU
		{6D2207DE-8C36-428A-BD96-614C75DD5A0C}.Release|Any CPU.ActiveCfg = Release|Any CPU
		{6D2207DE-8C36-428A-BD96-614C75DD5A0C}.Release|Any CPU.Build.0 = Release|Any CPU
		{6D2207DE-8C36-428A-BD96-614C75DD5A0C}.Release|Mixed Platforms.ActiveCfg = Release|Any CPU
		{6D2207DE-8C36-428A-BD96-614C75DD5A0C}.Release|Mixed Platforms.Build.0 = Release|Any CPU
		{6D2207DE-8C36-428A-BD96-614C75DD5A0C}.Release|x86.ActiveCfg = Release|Any CPU
		{56002669-156C-4002-9072-E4329E1D1B2C}.Debug|Any CPU.ActiveCfg = Debug|Any CPU
		{56002669-156C-4002-9072-E4329E1D1B2C}.Debug|Any CPU.Build.0 = Debug|Any CPU
		{56002669-156C-4002-9072-E4329E1D1B2C}.Debug|Mixed Platforms.ActiveCfg = Debug|Any CPU
		{56002669-156C-4002-9072-E4329E1D1B2C}.Debug|Mixed Platforms.Build.0 = Debug|Any CPU
		{56002669-156C-4002-9072-E4329E1D1B2C}.Debug|x86.ActiveCfg = Debug|Any CPU
		{56002669-156C-4002-9072-E4329E1D1B2C}.Release|Any CPU.ActiveCfg = Release|Any CPU
		{56002669-156C-4002-9072-E4329E1D1B2C}.Release|Any CPU.Build.0 = Release|Any CPU
		{56002669-156C-4002-9072-E4329E1D1B2C}.Release|Mixed Platforms.ActiveCfg = Release|Any CPU
		{56002669-156C-4002-9072-E4329E1D1B2C}.Release|Mixed Platforms.Build.0 = Release|Any CPU
		{56002669-156C-4002-9072-E4329E1D1B2C}.Release|x86.ActiveCfg = Release|Any CPU
		{8340D7E7-7D37-4A6A-BC9F-DB956BCE9218}.Debug|Any CPU.ActiveCfg = Debug|Any CPU
		{8340D7E7-7D37-4A6A-BC9F-DB956BCE9218}.Debug|Any CPU.Build.0 = Debug|Any CPU
		{8340D7E7-7D37-4A6A-BC9F-DB956BCE9218}.Debug|Mixed Platforms.ActiveCfg = Debug|Any CPU
		{8340D7E7-7D37-4A6A-BC9F-DB956BCE9218}.Debug|Mixed Platforms.Build.0 = Debug|Any CPU
		{8340D7E7-7D37-4A6A-BC9F-DB956BCE9218}.Debug|x86.ActiveCfg = Debug|Any CPU
		{8340D7E7-7D37-4A6A-BC9F-DB956BCE9218}.Release|Any CPU.ActiveCfg = Release|Any CPU
		{8340D7E7-7D37-4A6A-BC9F-DB956BCE9218}.Release|Any CPU.Build.0 = Release|Any CPU
		{8340D7E7-7D37-4A6A-BC9F-DB956BCE9218}.Release|Mixed Platforms.ActiveCfg = Release|Any CPU
		{8340D7E7-7D37-4A6A-BC9F-DB956BCE9218}.Release|Mixed Platforms.Build.0 = Release|Any CPU
		{8340D7E7-7D37-4A6A-BC9F-DB956BCE9218}.Release|x86.ActiveCfg = Release|Any CPU
		{BF8892B7-CA8F-4FF8-B7C3-766CD512C7F4}.Debug|Any CPU.ActiveCfg = Debug|Any CPU
		{BF8892B7-CA8F-4FF8-B7C3-766CD512C7F4}.Debug|Any CPU.Build.0 = Debug|Any CPU
		{BF8892B7-CA8F-4FF8-B7C3-766CD512C7F4}.Debug|Mixed Platforms.ActiveCfg = Debug|Any CPU
		{BF8892B7-CA8F-4FF8-B7C3-766CD512C7F4}.Debug|Mixed Platforms.Build.0 = Debug|Any CPU
		{BF8892B7-CA8F-4FF8-B7C3-766CD512C7F4}.Debug|x86.ActiveCfg = Debug|Any CPU
		{BF8892B7-CA8F-4FF8-B7C3-766CD512C7F4}.Release|Any CPU.ActiveCfg = Release|Any CPU
		{BF8892B7-CA8F-4FF8-B7C3-766CD512C7F4}.Release|Any CPU.Build.0 = Release|Any CPU
		{BF8892B7-CA8F-4FF8-B7C3-766CD512C7F4}.Release|Mixed Platforms.ActiveCfg = Release|Any CPU
		{BF8892B7-CA8F-4FF8-B7C3-766CD512C7F4}.Release|Mixed Platforms.Build.0 = Release|Any CPU
		{BF8892B7-CA8F-4FF8-B7C3-766CD512C7F4}.Release|x86.ActiveCfg = Release|Any CPU
		{515E0E25-DE62-4C8B-890F-9EACFF65B79F}.Debug|Any CPU.ActiveCfg = Debug|Any CPU
		{515E0E25-DE62-4C8B-890F-9EACFF65B79F}.Debug|Any CPU.Build.0 = Debug|Any CPU
		{515E0E25-DE62-4C8B-890F-9EACFF65B79F}.Debug|Mixed Platforms.ActiveCfg = Debug|Any CPU
		{515E0E25-DE62-4C8B-890F-9EACFF65B79F}.Debug|Mixed Platforms.Build.0 = Debug|Any CPU
		{515E0E25-DE62-4C8B-890F-9EACFF65B79F}.Debug|x86.ActiveCfg = Debug|Any CPU
		{515E0E25-DE62-4C8B-890F-9EACFF65B79F}.Release|Any CPU.ActiveCfg = Release|Any CPU
		{515E0E25-DE62-4C8B-890F-9EACFF65B79F}.Release|Any CPU.Build.0 = Release|Any CPU
		{515E0E25-DE62-4C8B-890F-9EACFF65B79F}.Release|Mixed Platforms.ActiveCfg = Release|Any CPU
		{515E0E25-DE62-4C8B-890F-9EACFF65B79F}.Release|Mixed Platforms.Build.0 = Release|Any CPU
		{515E0E25-DE62-4C8B-890F-9EACFF65B79F}.Release|x86.ActiveCfg = Release|Any CPU
		{D7C9F853-3B0D-4F07-AAEC-7A59F1081260}.Debug|Any CPU.ActiveCfg = Debug|Any CPU
		{D7C9F853-3B0D-4F07-AAEC-7A59F1081260}.Debug|Any CPU.Build.0 = Debug|Any CPU
		{D7C9F853-3B0D-4F07-AAEC-7A59F1081260}.Debug|Mixed Platforms.ActiveCfg = Debug|Any CPU
		{D7C9F853-3B0D-4F07-AAEC-7A59F1081260}.Debug|Mixed Platforms.Build.0 = Debug|Any CPU
		{D7C9F853-3B0D-4F07-AAEC-7A59F1081260}.Debug|x86.ActiveCfg = Debug|Any CPU
		{D7C9F853-3B0D-4F07-AAEC-7A59F1081260}.Release|Any CPU.ActiveCfg = Release|Any CPU
		{D7C9F853-3B0D-4F07-AAEC-7A59F1081260}.Release|Any CPU.Build.0 = Release|Any CPU
		{D7C9F853-3B0D-4F07-AAEC-7A59F1081260}.Release|Mixed Platforms.ActiveCfg = Release|Any CPU
		{D7C9F853-3B0D-4F07-AAEC-7A59F1081260}.Release|Mixed Platforms.Build.0 = Release|Any CPU
		{D7C9F853-3B0D-4F07-AAEC-7A59F1081260}.Release|x86.ActiveCfg = Release|Any CPU
		{6FFCAD15-3E47-44DA-A462-5DC2871B17C0}.Debug|Any CPU.ActiveCfg = Debug|Any CPU
		{6FFCAD15-3E47-44DA-A462-5DC2871B17C0}.Debug|Any CPU.Build.0 = Debug|Any CPU
		{6FFCAD15-3E47-44DA-A462-5DC2871B17C0}.Debug|Mixed Platforms.ActiveCfg = Debug|Any CPU
		{6FFCAD15-3E47-44DA-A462-5DC2871B17C0}.Debug|Mixed Platforms.Build.0 = Debug|Any CPU
		{6FFCAD15-3E47-44DA-A462-5DC2871B17C0}.Debug|x86.ActiveCfg = Debug|Any CPU
		{6FFCAD15-3E47-44DA-A462-5DC2871B17C0}.Release|Any CPU.ActiveCfg = Release|Any CPU
		{6FFCAD15-3E47-44DA-A462-5DC2871B17C0}.Release|Any CPU.Build.0 = Release|Any CPU
		{6FFCAD15-3E47-44DA-A462-5DC2871B17C0}.Release|Mixed Platforms.ActiveCfg = Release|Any CPU
		{6FFCAD15-3E47-44DA-A462-5DC2871B17C0}.Release|Mixed Platforms.Build.0 = Release|Any CPU
		{6FFCAD15-3E47-44DA-A462-5DC2871B17C0}.Release|x86.ActiveCfg = Release|Any CPU
		{61F9032E-AE3B-4FD8-988B-1CFA90C5B5B2}.Debug|Any CPU.ActiveCfg = Debug|Any CPU
		{61F9032E-AE3B-4FD8-988B-1CFA90C5B5B2}.Debug|Any CPU.Build.0 = Debug|Any CPU
		{61F9032E-AE3B-4FD8-988B-1CFA90C5B5B2}.Debug|Mixed Platforms.ActiveCfg = Debug|Any CPU
		{61F9032E-AE3B-4FD8-988B-1CFA90C5B5B2}.Debug|Mixed Platforms.Build.0 = Debug|Any CPU
		{61F9032E-AE3B-4FD8-988B-1CFA90C5B5B2}.Debug|x86.ActiveCfg = Debug|Any CPU
		{61F9032E-AE3B-4FD8-988B-1CFA90C5B5B2}.Release|Any CPU.ActiveCfg = Release|Any CPU
		{61F9032E-AE3B-4FD8-988B-1CFA90C5B5B2}.Release|Any CPU.Build.0 = Release|Any CPU
		{61F9032E-AE3B-4FD8-988B-1CFA90C5B5B2}.Release|Mixed Platforms.ActiveCfg = Release|Any CPU
		{61F9032E-AE3B-4FD8-988B-1CFA90C5B5B2}.Release|Mixed Platforms.Build.0 = Release|Any CPU
		{61F9032E-AE3B-4FD8-988B-1CFA90C5B5B2}.Release|x86.ActiveCfg = Release|Any CPU
		{436A819B-CEE9-4FD7-BDC5-03111A5ED85E}.Debug|Any CPU.ActiveCfg = Debug|Any CPU
		{436A819B-CEE9-4FD7-BDC5-03111A5ED85E}.Debug|Any CPU.Build.0 = Debug|Any CPU
		{436A819B-CEE9-4FD7-BDC5-03111A5ED85E}.Debug|Mixed Platforms.ActiveCfg = Debug|Any CPU
		{436A819B-CEE9-4FD7-BDC5-03111A5ED85E}.Debug|Mixed Platforms.Build.0 = Debug|Any CPU
		{436A819B-CEE9-4FD7-BDC5-03111A5ED85E}.Debug|x86.ActiveCfg = Debug|Any CPU
		{436A819B-CEE9-4FD7-BDC5-03111A5ED85E}.Release|Any CPU.ActiveCfg = Release|Any CPU
		{436A819B-CEE9-4FD7-BDC5-03111A5ED85E}.Release|Any CPU.Build.0 = Release|Any CPU
		{436A819B-CEE9-4FD7-BDC5-03111A5ED85E}.Release|Mixed Platforms.ActiveCfg = Release|Any CPU
		{436A819B-CEE9-4FD7-BDC5-03111A5ED85E}.Release|Mixed Platforms.Build.0 = Release|Any CPU
		{436A819B-CEE9-4FD7-BDC5-03111A5ED85E}.Release|x86.ActiveCfg = Release|Any CPU
		{6B3EF1BA-0782-4E89-ABD5-927C553CB0CF}.Debug|Any CPU.ActiveCfg = Debug|Any CPU
		{6B3EF1BA-0782-4E89-ABD5-927C553CB0CF}.Debug|Any CPU.Build.0 = Debug|Any CPU
		{6B3EF1BA-0782-4E89-ABD5-927C553CB0CF}.Debug|Mixed Platforms.ActiveCfg = Debug|Any CPU
		{6B3EF1BA-0782-4E89-ABD5-927C553CB0CF}.Debug|Mixed Platforms.Build.0 = Debug|Any CPU
		{6B3EF1BA-0782-4E89-ABD5-927C553CB0CF}.Debug|x86.ActiveCfg = Debug|Any CPU
		{6B3EF1BA-0782-4E89-ABD5-927C553CB0CF}.Release|Any CPU.ActiveCfg = Release|Any CPU
		{6B3EF1BA-0782-4E89-ABD5-927C553CB0CF}.Release|Any CPU.Build.0 = Release|Any CPU
		{6B3EF1BA-0782-4E89-ABD5-927C553CB0CF}.Release|Mixed Platforms.ActiveCfg = Release|Any CPU
		{6B3EF1BA-0782-4E89-ABD5-927C553CB0CF}.Release|Mixed Platforms.Build.0 = Release|Any CPU
		{6B3EF1BA-0782-4E89-ABD5-927C553CB0CF}.Release|x86.ActiveCfg = Release|Any CPU
		{F8F3FAD9-F0B9-46B4-A4AF-995A3EEB1F3F}.Debug|Any CPU.ActiveCfg = Debug|Any CPU
		{F8F3FAD9-F0B9-46B4-A4AF-995A3EEB1F3F}.Debug|Any CPU.Build.0 = Debug|Any CPU
		{F8F3FAD9-F0B9-46B4-A4AF-995A3EEB1F3F}.Debug|Mixed Platforms.ActiveCfg = Debug|Any CPU
		{F8F3FAD9-F0B9-46B4-A4AF-995A3EEB1F3F}.Debug|Mixed Platforms.Build.0 = Debug|Any CPU
		{F8F3FAD9-F0B9-46B4-A4AF-995A3EEB1F3F}.Debug|x86.ActiveCfg = Debug|Any CPU
		{F8F3FAD9-F0B9-46B4-A4AF-995A3EEB1F3F}.Release|Any CPU.ActiveCfg = Release|Any CPU
		{F8F3FAD9-F0B9-46B4-A4AF-995A3EEB1F3F}.Release|Any CPU.Build.0 = Release|Any CPU
		{F8F3FAD9-F0B9-46B4-A4AF-995A3EEB1F3F}.Release|Mixed Platforms.ActiveCfg = Release|Any CPU
		{F8F3FAD9-F0B9-46B4-A4AF-995A3EEB1F3F}.Release|Mixed Platforms.Build.0 = Release|Any CPU
		{F8F3FAD9-F0B9-46B4-A4AF-995A3EEB1F3F}.Release|x86.ActiveCfg = Release|Any CPU
		{0FAF0E99-79B6-4F10-9A22-ED1839E22387}.Debug|Any CPU.ActiveCfg = Debug|Any CPU
		{0FAF0E99-79B6-4F10-9A22-ED1839E22387}.Debug|Any CPU.Build.0 = Debug|Any CPU
		{0FAF0E99-79B6-4F10-9A22-ED1839E22387}.Debug|Mixed Platforms.ActiveCfg = Debug|Any CPU
		{0FAF0E99-79B6-4F10-9A22-ED1839E22387}.Debug|Mixed Platforms.Build.0 = Debug|Any CPU
		{0FAF0E99-79B6-4F10-9A22-ED1839E22387}.Debug|x86.ActiveCfg = Debug|Any CPU
		{0FAF0E99-79B6-4F10-9A22-ED1839E22387}.Release|Any CPU.ActiveCfg = Release|Any CPU
		{0FAF0E99-79B6-4F10-9A22-ED1839E22387}.Release|Any CPU.Build.0 = Release|Any CPU
		{0FAF0E99-79B6-4F10-9A22-ED1839E22387}.Release|Mixed Platforms.ActiveCfg = Release|Any CPU
		{0FAF0E99-79B6-4F10-9A22-ED1839E22387}.Release|Mixed Platforms.Build.0 = Release|Any CPU
		{0FAF0E99-79B6-4F10-9A22-ED1839E22387}.Release|x86.ActiveCfg = Release|Any CPU
	EndGlobalSection
	GlobalSection(SolutionProperties) = preSolution
		HideSolutionNode = FALSE
	EndGlobalSection
	GlobalSection(NestedProjects) = preSolution
		{14AF1D53-3A3E-4740-A56B-C93555DD21A9} = {327D85D0-D338-4584-8ADC-F081ABBB8206}
		{48BAF198-55B8-4BCB-92F9-BAA0A98B4FE9} = {DB38C11D-FC0C-4FDB-9AAE-775F2F268546}
		{B2127A13-6FE1-4B46-98EA-6F4BB565670C} = {DB38C11D-FC0C-4FDB-9AAE-775F2F268546}
		{E0304F04-479B-4075-81DD-FF598EB0B886} = {5E9B8579-4671-443F-87AE-C4C4A63E5832}
		{83321B3C-59FC-4EE7-837C-2A8AAE9CABBD} = {2775A811-EF20-4DC6-A306-ACB6C18D3579}
		{41D7133A-6565-4EB6-AD11-9B3B4C016A08} = {2775A811-EF20-4DC6-A306-ACB6C18D3579}
		{FAD9C2CE-02DA-4E40-9201-1EA610C681C5} = {2775A811-EF20-4DC6-A306-ACB6C18D3579}
		{52B8E535-646D-4C0F-9E9D-ABE8F6E333CA} = {2775A811-EF20-4DC6-A306-ACB6C18D3579}
		{2CF7304E-30C8-4E62-81D1-6BF26BD560A9} = {2775A811-EF20-4DC6-A306-ACB6C18D3579}
		{8D48C4C2-3539-4AB6-B365-600C88273879} = {5E9B8579-4671-443F-87AE-C4C4A63E5832}
		{476D97E4-3F48-4408-AB90-7A28412045F7} = {5E9B8579-4671-443F-87AE-C4C4A63E5832}
		{93CF71AD-5360-4205-B274-6082CB3A2928} = {5E9B8579-4671-443F-87AE-C4C4A63E5832}
		{2DB044FA-29CF-411C-A50E-5EE0910C1B09} = {DB38C11D-FC0C-4FDB-9AAE-775F2F268546}
		{6D2207DE-8C36-428A-BD96-614C75DD5A0C} = {DB38C11D-FC0C-4FDB-9AAE-775F2F268546}
		{56002669-156C-4002-9072-E4329E1D1B2C} = {327D85D0-D338-4584-8ADC-F081ABBB8206}
		{8340D7E7-7D37-4A6A-BC9F-DB956BCE9218} = {79976105-A143-4C1E-8053-FF897934AAE4}
		{79976105-A143-4C1E-8053-FF897934AAE4} = {DB38C11D-FC0C-4FDB-9AAE-775F2F268546}
		{327D85D0-D338-4584-8ADC-F081ABBB8206} = {DB38C11D-FC0C-4FDB-9AAE-775F2F268546}
		{BF8892B7-CA8F-4FF8-B7C3-766CD512C7F4} = {79976105-A143-4C1E-8053-FF897934AAE4}
		{515E0E25-DE62-4C8B-890F-9EACFF65B79F} = {DB38C11D-FC0C-4FDB-9AAE-775F2F268546}
		{D7C9F853-3B0D-4F07-AAEC-7A59F1081260} = {2775A811-EF20-4DC6-A306-ACB6C18D3579}
		{6FFCAD15-3E47-44DA-A462-5DC2871B17C0} = {848C1CE1-ED98-4A40-BAFA-DE50E1C01966}
		{61F9032E-AE3B-4FD8-988B-1CFA90C5B5B2} = {848C1CE1-ED98-4A40-BAFA-DE50E1C01966}
		{436A819B-CEE9-4FD7-BDC5-03111A5ED85E} = {848C1CE1-ED98-4A40-BAFA-DE50E1C01966}
		{6B3EF1BA-0782-4E89-ABD5-927C553CB0CF} = {5C9A4FAE-0A5E-41D4-93AE-0C1A4453EDB1}
		{F8F3FAD9-F0B9-46B4-A4AF-995A3EEB1F3F} = {5C9A4FAE-0A5E-41D4-93AE-0C1A4453EDB1}
		{0FAF0E99-79B6-4F10-9A22-ED1839E22387} = {DB38C11D-FC0C-4FDB-9AAE-775F2F268546}
	EndGlobalSection
EndGlobal
