
Microsoft Visual Studio Solution File, Format Version 12.00
# Visual Studio 2013
VisualStudioVersion = 12.0.31101.0
MinimumVisualStudioVersion = 10.0.40219.1
Project("{FAE04EC0-301F-11D3-BF4B-00C04F79EFBC}") = "BoonieBear.DeckUnit.DAL", "BoonieBear.DeckUnit.DAL\BoonieBear.DeckUnit.DAL.csproj", "{14AF1D53-3A3E-4740-A56B-C93555DD21A9}"
EndProject
Project("{FAE04EC0-301F-11D3-BF4B-00C04F79EFBC}") = "BoonieBear.DeckUnit.SysResourceLib", "BoonieBear.DeckUnit.SysResourceLib\BoonieBear.DeckUnit.SysResourceLib.csproj", "{48BAF198-55B8-4BCB-92F9-BAA0A98B4FE9}"
EndProject
Project("{FAE04EC0-301F-11D3-BF4B-00C04F79EFBC}") = "BoonieBear.DeckUnit.CommLib", "BoonieBear.DeckUnit.CommLib\BoonieBear.DeckUnit.CommLib.csproj", "{B2127A13-6FE1-4B46-98EA-6F4BB565670C}"
EndProject
Project("{FAE04EC0-301F-11D3-BF4B-00C04F79EFBC}") = "BoonieBear.DeckUnit.Utilities", "BoonieBear.DeckUnit.Utilities\BoonieBear.DeckUnit.Utilities.csproj", "{77642012-7D37-4461-B14C-CD949E2A3B9E}"
EndProject
Project("{FAE04EC0-301F-11D3-BF4B-00C04F79EFBC}") = "BoonieBear.DeckUnit.Box", "BoonieBear.DeckUnit\BoonieBear.DeckUnit.Box.csproj", "{E0304F04-479B-4075-81DD-FF598EB0B886}"
EndProject
Project("{FAE04EC0-301F-11D3-BF4B-00C04F79EFBC}") = "BoonieBear.DeckUnit.SysResourceLibTests", "BoonieBear.DeckUnit.SysResourceLibTests\BoonieBear.DeckUnit.SysResourceLibTests.csproj", "{83321B3C-59FC-4EE7-837C-2A8AAE9CABBD}"
EndProject
Project("{FAE04EC0-301F-11D3-BF4B-00C04F79EFBC}") = "BoonieBear.DeckUnit.UtilitiesTests", "BoonieBear.DeckUnit.UtilitiesTests\BoonieBear.DeckUnit.UtilitiesTests.csproj", "{41D7133A-6565-4EB6-AD11-9B3B4C016A08}"
EndProject
Project("{FAE04EC0-301F-11D3-BF4B-00C04F79EFBC}") = "BoonieBear.DeckUnit.CommLibTests", "BoonieBear.DeckUnit.CommLibTests\BoonieBear.DeckUnit.CommLibTests.csproj", "{FAD9C2CE-02DA-4E40-9201-1EA610C681C5}"
EndProject
Project("{FAE04EC0-301F-11D3-BF4B-00C04F79EFBC}") = "BoonieBear.DeckUnit.DALTests", "BoonieBear.DeckUnit.DALTests\BoonieBear.DeckUnit.DALTests.csproj", "{52B8E535-646D-4C0F-9E9D-ABE8F6E333CA}"
EndProject
Project("{FAE04EC0-301F-11D3-BF4B-00C04F79EFBC}") = "BoonieBear.DeckUnit.Test4500netDemo", "Test4500netDemo\BoonieBear.DeckUnit.Test4500netDemo.csproj", "{2CF7304E-30C8-4E62-81D1-6BF26BD560A9}"
EndProject
Project("{FAE04EC0-301F-11D3-BF4B-00C04F79EFBC}") = "BoonieBear.DeckUnit.Mov4500UI", "BoonieBear.DeckUnit.Mov4500DC\BoonieBear.DeckUnit.Mov4500UI.csproj", "{8D48C4C2-3539-4AB6-B365-600C88273879}"
EndProject
Project("{FAE04EC0-301F-11D3-BF4B-00C04F79EFBC}") = "BoonieBear.DeckUnit.BP", "BoonieBear.DeckUnit.BP\BoonieBear.DeckUnit.BP.csproj", "{476D97E4-3F48-4408-AB90-7A28412045F7}"
EndProject
Project("{FAE04EC0-301F-11D3-BF4B-00C04F79EFBC}") = "BoonieBear.DeckUnit.ADCP", "BoonieBear.DeckUnit.ADCP\BoonieBear.DeckUnit.ADCP.csproj", "{93CF71AD-5360-4205-B274-6082CB3A2928}"
EndProject
Project("{FAE04EC0-301F-11D3-BF4B-00C04F79EFBC}") = "BoonieBear.DeckUnit.Device", "BoonieBear.DeckUnit.DeviceParser\BoonieBear.DeckUnit.Device.csproj", "{2DB044FA-29CF-411C-A50E-5EE0910C1B09}"
EndProject
Project("{FAE04EC0-301F-11D3-BF4B-00C04F79EFBC}") = "BoonieBear.DeckUnit.Protocol", "BoonieBear.DeckUnit.Protocol\BoonieBear.DeckUnit.Protocol.csproj", "{B430A3D4-5D24-4CED-8DE2-2C5B9D559133}"
EndProject
Project("{2150E333-8FDC-42A3-9474-1A3956D46DE8}") = "UnitTest", "UnitTest", "{2775A811-EF20-4DC6-A306-ACB6C18D3579}"
EndProject
Project("{2150E333-8FDC-42A3-9474-1A3956D46DE8}") = "UI", "UI", "{5E9B8579-4671-443F-87AE-C4C4A63E5832}"
EndProject
Project("{2150E333-8FDC-42A3-9474-1A3956D46DE8}") = "InternalModules", "InternalModules", "{DB38C11D-FC0C-4FDB-9AAE-775F2F268546}"
EndProject
Project("{2150E333-8FDC-42A3-9474-1A3956D46DE8}") = "ModuleServices", "ModuleServices", "{772080ED-9FF6-4EF9-A026-CC61CDFBA647}"
EndProject
Project("{FAE04EC0-301F-11D3-BF4B-00C04F79EFBC}") = "BoonieBear.DeckUnit.DataSourceService", "BoonieBear.DeckUnit.DataSourceService\BoonieBear.DeckUnit.DataSourceService.csproj", "{F1B404FD-4516-4BF3-A80C-0CD35D267987}"
EndProject
Project("{FAE04EC0-301F-11D3-BF4B-00C04F79EFBC}") = "BoonieBear.DeckUnit.DataStorageService", "BoonieBear.DeckUnit.DataStorageService\BoonieBear.DeckUnit.DataStorageService.csproj", "{36876378-CC3E-4AAD-955B-318E8EA2F59A}"
EndProject
Project("{FAE04EC0-301F-11D3-BF4B-00C04F79EFBC}") = "BoonieBear.DeckUnit.TaskSchedular", "BoonieBear.DeckUnit.TaskSchedular\BoonieBear.DeckUnit.TaskSchedular.csproj", "{390FFDD9-D8B9-4E6D-A29D-7273F324741E}"
EndProject
Project("{FAE04EC0-301F-11D3-BF4B-00C04F79EFBC}") = "BoonieBear.DeckUnit.ICore", "BoonieBear.DeckUnit.Core\BoonieBear.DeckUnit.ICore.csproj", "{0FAF0E99-79B6-4F10-9A22-ED1839E22387}"
EndProject
Project("{FAE04EC0-301F-11D3-BF4B-00C04F79EFBC}") = "BoonieBear.DeckUnit.SysLogService", "BoonieBear.DeckUnit.SysLogService\BoonieBear.DeckUnit.SysLogService.csproj", "{198B6B6E-A2BA-4706-B39E-43A198E1D6CD}"
EndProject
Project("{FAE04EC0-301F-11D3-BF4B-00C04F79EFBC}") = "BoonieBear.DeckUnit.JsonUtils", "BoonieBear.DeckUnit.JsonUtils\BoonieBear.DeckUnit.JsonUtils.csproj", "{6D2207DE-8C36-428A-BD96-614C75DD5A0C}"
EndProject
Project("{FAE04EC0-301F-11D3-BF4B-00C04F79EFBC}") = "BoonieBear.DeckUnit.TraceFileService", "BoonieBear.DeckUnit.TraceFileService\BoonieBear.DeckUnit.TraceFileService.csproj", "{56002669-156C-4002-9072-E4329E1D1B2C}"
EndProject
Project("{FAE04EC0-301F-11D3-BF4B-00C04F79EFBC}") = "BoonieBear.DeckUnit.LiveService", "BoonieBear.DeckUnit.LiveService\BoonieBear.DeckUnit.LiveService.csproj", "{8340D7E7-7D37-4A6A-BC9F-DB956BCE9218}"
EndProject
Project("{2150E333-8FDC-42A3-9474-1A3956D46DE8}") = "DataSource", "DataSource", "{79976105-A143-4C1E-8053-FF897934AAE4}"
EndProject
Project("{2150E333-8FDC-42A3-9474-1A3956D46DE8}") = "DataStorage", "DataStorage", "{327D85D0-D338-4584-8ADC-F081ABBB8206}"
EndProject
Project("{FAE04EC0-301F-11D3-BF4B-00C04F79EFBC}") = "BoonieBear.DeckUnit.FileService", "BoonieBear.DeckUnit.FileService\BoonieBear.DeckUnit.FileService.csproj", "{BF8892B7-CA8F-4FF8-B7C3-766CD512C7F4}"
EndProject
Project("{FAE04EC0-301F-11D3-BF4B-00C04F79EFBC}") = "BoonieBear.DeckUnit.VoiceManager", "BoonieBear.DeckUnit.VoiceManager\BoonieBear.DeckUnit.VoiceManager.csproj", "{515E0E25-DE62-4C8B-890F-9EACFF65B79F}"
EndProject
Project("{FAE04EC0-301F-11D3-BF4B-00C04F79EFBC}") = "BoonieBear.DeckUnit.TraceFileServiceTests", "BoonieBear.DeckUnit.TraceFileServiceTests\BoonieBear.DeckUnit.TraceFileServiceTests.csproj", "{D7C9F853-3B0D-4F07-AAEC-7A59F1081260}"
EndProject
Global
	GlobalSection(SolutionConfigurationPlatforms) = preSolution
		Debug|Any CPU = Debug|Any CPU
		Debug|Mixed Platforms = Debug|Mixed Platforms
		Debug|x86 = Debug|x86
		Release|Any CPU = Release|Any CPU
		Release|Mixed Platforms = Release|Mixed Platforms
		Release|x86 = Release|x86
	EndGlobalSection
	GlobalSection(ProjectConfigurationPlatforms) = postSolution
		{14AF1D53-3A3E-4740-A56B-C93555DD21A9}.Debug|Any CPU.ActiveCfg = Debug|Any CPU
		{14AF1D53-3A3E-4740-A56B-C93555DD21A9}.Debug|Any CPU.Build.0 = Debug|Any CPU
		{14AF1D53-3A3E-4740-A56B-C93555DD21A9}.Debug|Mixed Platforms.ActiveCfg = Debug|Any CPU
		{14AF1D53-3A3E-4740-A56B-C93555DD21A9}.Debug|Mixed Platforms.Build.0 = Debug|Any CPU
		{14AF1D53-3A3E-4740-A56B-C93555DD21A9}.Debug|x86.ActiveCfg = Debug|x86
		{14AF1D53-3A3E-4740-A56B-C93555DD21A9}.Debug|x86.Build.0 = Debug|x86
		{14AF1D53-3A3E-4740-A56B-C93555DD21A9}.Release|Any CPU.ActiveCfg = Release|Any CPU
		{14AF1D53-3A3E-4740-A56B-C93555DD21A9}.Release|Any CPU.Build.0 = Release|Any CPU
		{14AF1D53-3A3E-4740-A56B-C93555DD21A9}.Release|Mixed Platforms.ActiveCfg = Release|x86
		{14AF1D53-3A3E-4740-A56B-C93555DD21A9}.Release|Mixed Platforms.Build.0 = Release|x86
		{14AF1D53-3A3E-4740-A56B-C93555DD21A9}.Release|x86.ActiveCfg = Release|x86
		{14AF1D53-3A3E-4740-A56B-C93555DD21A9}.Release|x86.Build.0 = Release|x86
		{48BAF198-55B8-4BCB-92F9-BAA0A98B4FE9}.Debug|Any CPU.ActiveCfg = Debug|Any CPU
		{48BAF198-55B8-4BCB-92F9-BAA0A98B4FE9}.Debug|Any CPU.Build.0 = Debug|Any CPU
		{48BAF198-55B8-4BCB-92F9-BAA0A98B4FE9}.Debug|Mixed Platforms.ActiveCfg = Debug|Any CPU
		{48BAF198-55B8-4BCB-92F9-BAA0A98B4FE9}.Debug|Mixed Platforms.Build.0 = Debug|Any CPU
		{48BAF198-55B8-4BCB-92F9-BAA0A98B4FE9}.Debug|x86.ActiveCfg = Debug|x86
		{48BAF198-55B8-4BCB-92F9-BAA0A98B4FE9}.Debug|x86.Build.0 = Debug|x86
		{48BAF198-55B8-4BCB-92F9-BAA0A98B4FE9}.Release|Any CPU.ActiveCfg = Release|Any CPU
		{48BAF198-55B8-4BCB-92F9-BAA0A98B4FE9}.Release|Any CPU.Build.0 = Release|Any CPU
		{48BAF198-55B8-4BCB-92F9-BAA0A98B4FE9}.Release|Mixed Platforms.ActiveCfg = Release|x86
		{48BAF198-55B8-4BCB-92F9-BAA0A98B4FE9}.Release|Mixed Platforms.Build.0 = Release|x86
		{48BAF198-55B8-4BCB-92F9-BAA0A98B4FE9}.Release|x86.ActiveCfg = Release|x86
		{48BAF198-55B8-4BCB-92F9-BAA0A98B4FE9}.Release|x86.Build.0 = Release|x86
		{B2127A13-6FE1-4B46-98EA-6F4BB565670C}.Debug|Any CPU.ActiveCfg = Debug|Any CPU
		{B2127A13-6FE1-4B46-98EA-6F4BB565670C}.Debug|Any CPU.Build.0 = Debug|Any CPU
		{B2127A13-6FE1-4B46-98EA-6F4BB565670C}.Debug|Mixed Platforms.ActiveCfg = Debug|Any CPU
		{B2127A13-6FE1-4B46-98EA-6F4BB565670C}.Debug|Mixed Platforms.Build.0 = Debug|Any CPU
		{B2127A13-6FE1-4B46-98EA-6F4BB565670C}.Debug|x86.ActiveCfg = Debug|x86
		{B2127A13-6FE1-4B46-98EA-6F4BB565670C}.Debug|x86.Build.0 = Debug|x86
		{B2127A13-6FE1-4B46-98EA-6F4BB565670C}.Release|Any CPU.ActiveCfg = Release|Any CPU
		{B2127A13-6FE1-4B46-98EA-6F4BB565670C}.Release|Any CPU.Build.0 = Release|Any CPU
		{B2127A13-6FE1-4B46-98EA-6F4BB565670C}.Release|Mixed Platforms.ActiveCfg = Release|x86
		{B2127A13-6FE1-4B46-98EA-6F4BB565670C}.Release|Mixed Platforms.Build.0 = Release|x86
		{B2127A13-6FE1-4B46-98EA-6F4BB565670C}.Release|x86.ActiveCfg = Release|x86
		{B2127A13-6FE1-4B46-98EA-6F4BB565670C}.Release|x86.Build.0 = Release|x86
		{77642012-7D37-4461-B14C-CD949E2A3B9E}.Debug|Any CPU.ActiveCfg = Debug|Any CPU
		{77642012-7D37-4461-B14C-CD949E2A3B9E}.Debug|Any CPU.Build.0 = Debug|Any CPU
		{77642012-7D37-4461-B14C-CD949E2A3B9E}.Debug|Mixed Platforms.ActiveCfg = Debug|Any CPU
		{77642012-7D37-4461-B14C-CD949E2A3B9E}.Debug|Mixed Platforms.Build.0 = Debug|Any CPU
		{77642012-7D37-4461-B14C-CD949E2A3B9E}.Debug|x86.ActiveCfg = Debug|Any CPU
		{77642012-7D37-4461-B14C-CD949E2A3B9E}.Release|Any CPU.ActiveCfg = Release|Any CPU
		{77642012-7D37-4461-B14C-CD949E2A3B9E}.Release|Any CPU.Build.0 = Release|Any CPU
		{77642012-7D37-4461-B14C-CD949E2A3B9E}.Release|Mixed Platforms.ActiveCfg = Release|Any CPU
		{77642012-7D37-4461-B14C-CD949E2A3B9E}.Release|Mixed Platforms.Build.0 = Release|Any CPU
		{77642012-7D37-4461-B14C-CD949E2A3B9E}.Release|x86.ActiveCfg = Release|Any CPU
		{E0304F04-479B-4075-81DD-FF598EB0B886}.Debug|Any CPU.ActiveCfg = Debug|Any CPU
		{E0304F04-479B-4075-81DD-FF598EB0B886}.Debug|Any CPU.Build.0 = Debug|Any CPU
		{E0304F04-479B-4075-81DD-FF598EB0B886}.Debug|Mixed Platforms.ActiveCfg = Debug|Any CPU
		{E0304F04-479B-4075-81DD-FF598EB0B886}.Debug|Mixed Platforms.Build.0 = Debug|Any CPU
		{E0304F04-479B-4075-81DD-FF598EB0B886}.Debug|x86.ActiveCfg = Debug|Any CPU
		{E0304F04-479B-4075-81DD-FF598EB0B886}.Release|Any CPU.ActiveCfg = Release|Any CPU
		{E0304F04-479B-4075-81DD-FF598EB0B886}.Release|Any CPU.Build.0 = Release|Any CPU
		{E0304F04-479B-4075-81DD-FF598EB0B886}.Release|Mixed Platforms.ActiveCfg = Release|Any CPU
		{E0304F04-479B-4075-81DD-FF598EB0B886}.Release|Mixed Platforms.Build.0 = Release|Any CPU
		{E0304F04-479B-4075-81DD-FF598EB0B886}.Release|x86.ActiveCfg = Release|Any CPU
		{83321B3C-59FC-4EE7-837C-2A8AAE9CABBD}.Debug|Any CPU.ActiveCfg = Debug|Any CPU
		{83321B3C-59FC-4EE7-837C-2A8AAE9CABBD}.Debug|Any CPU.Build.0 = Debug|Any CPU
		{83321B3C-59FC-4EE7-837C-2A8AAE9CABBD}.Debug|Mixed Platforms.ActiveCfg = Debug|Any CPU
		{83321B3C-59FC-4EE7-837C-2A8AAE9CABBD}.Debug|Mixed Platforms.Build.0 = Debug|Any CPU
		{83321B3C-59FC-4EE7-837C-2A8AAE9CABBD}.Debug|x86.ActiveCfg = Debug|Any CPU
		{83321B3C-59FC-4EE7-837C-2A8AAE9CABBD}.Release|Any CPU.ActiveCfg = Release|Any CPU
		{83321B3C-59FC-4EE7-837C-2A8AAE9CABBD}.Release|Any CPU.Build.0 = Release|Any CPU
		{83321B3C-59FC-4EE7-837C-2A8AAE9CABBD}.Release|Mixed Platforms.ActiveCfg = Release|Any CPU
		{83321B3C-59FC-4EE7-837C-2A8AAE9CABBD}.Release|Mixed Platforms.Build.0 = Release|Any CPU
		{83321B3C-59FC-4EE7-837C-2A8AAE9CABBD}.Release|x86.ActiveCfg = Release|Any CPU
		{41D7133A-6565-4EB6-AD11-9B3B4C016A08}.Debug|Any CPU.ActiveCfg = Debug|Any CPU
		{41D7133A-6565-4EB6-AD11-9B3B4C016A08}.Debug|Any CPU.Build.0 = Debug|Any CPU
		{41D7133A-6565-4EB6-AD11-9B3B4C016A08}.Debug|Mixed Platforms.ActiveCfg = Debug|Any CPU
		{41D7133A-6565-4EB6-AD11-9B3B4C016A08}.Debug|Mixed Platforms.Build.0 = Debug|Any CPU
		{41D7133A-6565-4EB6-AD11-9B3B4C016A08}.Debug|x86.ActiveCfg = Debug|Any CPU
		{41D7133A-6565-4EB6-AD11-9B3B4C016A08}.Release|Any CPU.ActiveCfg = Release|Any CPU
		{41D7133A-6565-4EB6-AD11-9B3B4C016A08}.Release|Any CPU.Build.0 = Release|Any CPU
		{41D7133A-6565-4EB6-AD11-9B3B4C016A08}.Release|Mixed Platforms.ActiveCfg = Release|Any CPU
		{41D7133A-6565-4EB6-AD11-9B3B4C016A08}.Release|Mixed Platforms.Build.0 = Release|Any CPU
		{41D7133A-6565-4EB6-AD11-9B3B4C016A08}.Release|x86.ActiveCfg = Release|Any CPU
		{FAD9C2CE-02DA-4E40-9201-1EA610C681C5}.Debug|Any CPU.ActiveCfg = Debug|Any CPU
		{FAD9C2CE-02DA-4E40-9201-1EA610C681C5}.Debug|Any CPU.Build.0 = Debug|Any CPU
		{FAD9C2CE-02DA-4E40-9201-1EA610C681C5}.Debug|Mixed Platforms.ActiveCfg = Debug|Any CPU
		{FAD9C2CE-02DA-4E40-9201-1EA610C681C5}.Debug|Mixed Platforms.Build.0 = Debug|Any CPU
		{FAD9C2CE-02DA-4E40-9201-1EA610C681C5}.Debug|x86.ActiveCfg = Debug|Any CPU
		{FAD9C2CE-02DA-4E40-9201-1EA610C681C5}.Release|Any CPU.ActiveCfg = Release|Any CPU
		{FAD9C2CE-02DA-4E40-9201-1EA610C681C5}.Release|Any CPU.Build.0 = Release|Any CPU
		{FAD9C2CE-02DA-4E40-9201-1EA610C681C5}.Release|Mixed Platforms.ActiveCfg = Release|Any CPU
		{FAD9C2CE-02DA-4E40-9201-1EA610C681C5}.Release|Mixed Platforms.Build.0 = Release|Any CPU
		{FAD9C2CE-02DA-4E40-9201-1EA610C681C5}.Release|x86.ActiveCfg = Release|Any CPU
		{52B8E535-646D-4C0F-9E9D-ABE8F6E333CA}.Debug|Any CPU.ActiveCfg = Debug|Any CPU
		{52B8E535-646D-4C0F-9E9D-ABE8F6E333CA}.Debug|Any CPU.Build.0 = Debug|Any CPU
		{52B8E535-646D-4C0F-9E9D-ABE8F6E333CA}.Debug|Mixed Platforms.ActiveCfg = Debug|Any CPU
		{52B8E535-646D-4C0F-9E9D-ABE8F6E333CA}.Debug|Mixed Platforms.Build.0 = Debug|Any CPU
		{52B8E535-646D-4C0F-9E9D-ABE8F6E333CA}.Debug|x86.ActiveCfg = Debug|Any CPU
		{52B8E535-646D-4C0F-9E9D-ABE8F6E333CA}.Release|Any CPU.ActiveCfg = Release|Any CPU
		{52B8E535-646D-4C0F-9E9D-ABE8F6E333CA}.Release|Any CPU.Build.0 = Release|Any CPU
		{52B8E535-646D-4C0F-9E9D-ABE8F6E333CA}.Release|Mixed Platforms.ActiveCfg = Release|Any CPU
		{52B8E535-646D-4C0F-9E9D-ABE8F6E333CA}.Release|Mixed Platforms.Build.0 = Release|Any CPU
		{52B8E535-646D-4C0F-9E9D-ABE8F6E333CA}.Release|x86.ActiveCfg = Release|Any CPU
		{2CF7304E-30C8-4E62-81D1-6BF26BD560A9}.Debug|Any CPU.ActiveCfg = Debug|Any CPU
		{2CF7304E-30C8-4E62-81D1-6BF26BD560A9}.Debug|Any CPU.Build.0 = Debug|Any CPU
		{2CF7304E-30C8-4E62-81D1-6BF26BD560A9}.Debug|Mixed Platforms.ActiveCfg = Debug|Any CPU
		{2CF7304E-30C8-4E62-81D1-6BF26BD560A9}.Debug|Mixed Platforms.Build.0 = Debug|Any CPU
		{2CF7304E-30C8-4E62-81D1-6BF26BD560A9}.Debug|x86.ActiveCfg = Debug|Any CPU
		{2CF7304E-30C8-4E62-81D1-6BF26BD560A9}.Release|Any CPU.ActiveCfg = Release|Any CPU
		{2CF7304E-30C8-4E62-81D1-6BF26BD560A9}.Release|Any CPU.Build.0 = Release|Any CPU
		{2CF7304E-30C8-4E62-81D1-6BF26BD560A9}.Release|Mixed Platforms.ActiveCfg = Release|Any CPU
		{2CF7304E-30C8-4E62-81D1-6BF26BD560A9}.Release|Mixed Platforms.Build.0 = Release|Any CPU
		{2CF7304E-30C8-4E62-81D1-6BF26BD560A9}.Release|x86.ActiveCfg = Release|Any CPU
		{8D48C4C2-3539-4AB6-B365-600C88273879}.Debug|Any CPU.ActiveCfg = Debug|Any CPU
		{8D48C4C2-3539-4AB6-B365-600C88273879}.Debug|Any CPU.Build.0 = Debug|Any CPU
		{8D48C4C2-3539-4AB6-B365-600C88273879}.Debug|Mixed Platforms.ActiveCfg = Debug|Any CPU
		{8D48C4C2-3539-4AB6-B365-600C88273879}.Debug|Mixed Platforms.Build.0 = Debug|Any CPU
		{8D48C4C2-3539-4AB6-B365-600C88273879}.Debug|x86.ActiveCfg = Debug|Any CPU
		{8D48C4C2-3539-4AB6-B365-600C88273879}.Release|Any CPU.ActiveCfg = Release|Any CPU
		{8D48C4C2-3539-4AB6-B365-600C88273879}.Release|Any CPU.Build.0 = Release|Any CPU
		{8D48C4C2-3539-4AB6-B365-600C88273879}.Release|Mixed Platforms.ActiveCfg = Release|Any CPU
		{8D48C4C2-3539-4AB6-B365-600C88273879}.Release|Mixed Platforms.Build.0 = Release|Any CPU
		{8D48C4C2-3539-4AB6-B365-600C88273879}.Release|x86.ActiveCfg = Release|Any CPU
		{476D97E4-3F48-4408-AB90-7A28412045F7}.Debug|Any CPU.ActiveCfg = Debug|Any CPU
		{476D97E4-3F48-4408-AB90-7A28412045F7}.Debug|Any CPU.Build.0 = Debug|Any CPU
		{476D97E4-3F48-4408-AB90-7A28412045F7}.Debug|Mixed Platforms.ActiveCfg = Debug|Any CPU
		{476D97E4-3F48-4408-AB90-7A28412045F7}.Debug|Mixed Platforms.Build.0 = Debug|Any CPU
		{476D97E4-3F48-4408-AB90-7A28412045F7}.Debug|x86.ActiveCfg = Debug|Any CPU
		{476D97E4-3F48-4408-AB90-7A28412045F7}.Release|Any CPU.ActiveCfg = Release|Any CPU
		{476D97E4-3F48-4408-AB90-7A28412045F7}.Release|Any CPU.Build.0 = Release|Any CPU
		{476D97E4-3F48-4408-AB90-7A28412045F7}.Release|Mixed Platforms.ActiveCfg = Release|Any CPU
		{476D97E4-3F48-4408-AB90-7A28412045F7}.Release|Mixed Platforms.Build.0 = Release|Any CPU
		{476D97E4-3F48-4408-AB90-7A28412045F7}.Release|x86.ActiveCfg = Release|Any CPU
		{93CF71AD-5360-4205-B274-6082CB3A2928}.Debug|Any CPU.ActiveCfg = Debug|Any CPU
		{93CF71AD-5360-4205-B274-6082CB3A2928}.Debug|Any CPU.Build.0 = Debug|Any CPU
		{93CF71AD-5360-4205-B274-6082CB3A2928}.Debug|Mixed Platforms.ActiveCfg = Debug|Any CPU
		{93CF71AD-5360-4205-B274-6082CB3A2928}.Debug|Mixed Platforms.Build.0 = Debug|Any CPU
		{93CF71AD-5360-4205-B274-6082CB3A2928}.Debug|x86.ActiveCfg = Debug|Any CPU
		{93CF71AD-5360-4205-B274-6082CB3A2928}.Release|Any CPU.ActiveCfg = Release|Any CPU
		{93CF71AD-5360-4205-B274-6082CB3A2928}.Release|Any CPU.Build.0 = Release|Any CPU
		{93CF71AD-5360-4205-B274-6082CB3A2928}.Release|Mixed Platforms.ActiveCfg = Release|Any CPU
		{93CF71AD-5360-4205-B274-6082CB3A2928}.Release|Mixed Platforms.Build.0 = Release|Any CPU
		{93CF71AD-5360-4205-B274-6082CB3A2928}.Release|x86.ActiveCfg = Release|Any CPU
		{2DB044FA-29CF-411C-A50E-5EE0910C1B09}.Debug|Any CPU.ActiveCfg = Debug|Any CPU
		{2DB044FA-29CF-411C-A50E-5EE0910C1B09}.Debug|Any CPU.Build.0 = Debug|Any CPU
		{2DB044FA-29CF-411C-A50E-5EE0910C1B09}.Debug|Mixed Platforms.ActiveCfg = Debug|Any CPU
		{2DB044FA-29CF-411C-A50E-5EE0910C1B09}.Debug|Mixed Platforms.Build.0 = Debug|Any CPU
		{2DB044FA-29CF-411C-A50E-5EE0910C1B09}.Debug|x86.ActiveCfg = Debug|Any CPU
		{2DB044FA-29CF-411C-A50E-5EE0910C1B09}.Release|Any CPU.ActiveCfg = Release|Any CPU
		{2DB044FA-29CF-411C-A50E-5EE0910C1B09}.Release|Any CPU.Build.0 = Release|Any CPU
		{2DB044FA-29CF-411C-A50E-5EE0910C1B09}.Release|Mixed Platforms.ActiveCfg = Release|Any CPU
		{2DB044FA-29CF-411C-A50E-5EE0910C1B09}.Release|Mixed Platforms.Build.0 = Release|Any CPU
		{2DB044FA-29CF-411C-A50E-5EE0910C1B09}.Release|x86.ActiveCfg = Release|Any CPU
		{B430A3D4-5D24-4CED-8DE2-2C5B9D559133}.Debug|Any CPU.ActiveCfg = Debug|Any CPU
		{B430A3D4-5D24-4CED-8DE2-2C5B9D559133}.Debug|Any CPU.Build.0 = Debug|Any CPU
		{B430A3D4-5D24-4CED-8DE2-2C5B9D559133}.Debug|Mixed Platforms.ActiveCfg = Debug|Any CPU
		{B430A3D4-5D24-4CED-8DE2-2C5B9D559133}.Debug|Mixed Platforms.Build.0 = Debug|Any CPU
		{B430A3D4-5D24-4CED-8DE2-2C5B9D559133}.Debug|x86.ActiveCfg = Debug|Any CPU
		{B430A3D4-5D24-4CED-8DE2-2C5B9D559133}.Release|Any CPU.ActiveCfg = Release|Any CPU
		{B430A3D4-5D24-4CED-8DE2-2C5B9D559133}.Release|Any CPU.Build.0 = Release|Any CPU
		{B430A3D4-5D24-4CED-8DE2-2C5B9D559133}.Release|Mixed Platforms.ActiveCfg = Release|Any CPU
		{B430A3D4-5D24-4CED-8DE2-2C5B9D559133}.Release|Mixed Platforms.Build.0 = Release|Any CPU
		{B430A3D4-5D24-4CED-8DE2-2C5B9D559133}.Release|x86.ActiveCfg = Release|Any CPU
		{F1B404FD-4516-4BF3-A80C-0CD35D267987}.Debug|Any CPU.ActiveCfg = Debug|Any CPU
		{F1B404FD-4516-4BF3-A80C-0CD35D267987}.Debug|Any CPU.Build.0 = Debug|Any CPU
		{F1B404FD-4516-4BF3-A80C-0CD35D267987}.Debug|Mixed Platforms.ActiveCfg = Debug|Any CPU
		{F1B404FD-4516-4BF3-A80C-0CD35D267987}.Debug|Mixed Platforms.Build.0 = Debug|Any CPU
		{F1B404FD-4516-4BF3-A80C-0CD35D267987}.Debug|x86.ActiveCfg = Debug|Any CPU
		{F1B404FD-4516-4BF3-A80C-0CD35D267987}.Release|Any CPU.ActiveCfg = Release|Any CPU
		{F1B404FD-4516-4BF3-A80C-0CD35D267987}.Release|Any CPU.Build.0 = Release|Any CPU
		{F1B404FD-4516-4BF3-A80C-0CD35D267987}.Release|Mixed Platforms.ActiveCfg = Release|Any CPU
		{F1B404FD-4516-4BF3-A80C-0CD35D267987}.Release|Mixed Platforms.Build.0 = Release|Any CPU
		{F1B404FD-4516-4BF3-A80C-0CD35D267987}.Release|x86.ActiveCfg = Release|Any CPU
		{36876378-CC3E-4AAD-955B-318E8EA2F59A}.Debug|Any CPU.ActiveCfg = Debug|Any CPU
		{36876378-CC3E-4AAD-955B-318E8EA2F59A}.Debug|Any CPU.Build.0 = Debug|Any CPU
		{36876378-CC3E-4AAD-955B-318E8EA2F59A}.Debug|Mixed Platforms.ActiveCfg = Debug|Any CPU
		{36876378-CC3E-4AAD-955B-318E8EA2F59A}.Debug|Mixed Platforms.Build.0 = Debug|Any CPU
		{36876378-CC3E-4AAD-955B-318E8EA2F59A}.Debug|x86.ActiveCfg = Debug|Any CPU
		{36876378-CC3E-4AAD-955B-318E8EA2F59A}.Release|Any CPU.ActiveCfg = Release|Any CPU
		{36876378-CC3E-4AAD-955B-318E8EA2F59A}.Release|Any CPU.Build.0 = Release|Any CPU
		{36876378-CC3E-4AAD-955B-318E8EA2F59A}.Release|Mixed Platforms.ActiveCfg = Release|Any CPU
		{36876378-CC3E-4AAD-955B-318E8EA2F59A}.Release|Mixed Platforms.Build.0 = Release|Any CPU
		{36876378-CC3E-4AAD-955B-318E8EA2F59A}.Release|x86.ActiveCfg = Release|Any CPU
		{390FFDD9-D8B9-4E6D-A29D-7273F324741E}.Debug|Any CPU.ActiveCfg = Debug|Any CPU
		{390FFDD9-D8B9-4E6D-A29D-7273F324741E}.Debug|Any CPU.Build.0 = Debug|Any CPU
		{390FFDD9-D8B9-4E6D-A29D-7273F324741E}.Debug|Mixed Platforms.ActiveCfg = Debug|Any CPU
		{390FFDD9-D8B9-4E6D-A29D-7273F324741E}.Debug|Mixed Platforms.Build.0 = Debug|Any CPU
		{390FFDD9-D8B9-4E6D-A29D-7273F324741E}.Debug|x86.ActiveCfg = Debug|Any CPU
		{390FFDD9-D8B9-4E6D-A29D-7273F324741E}.Release|Any CPU.ActiveCfg = Release|Any CPU
		{390FFDD9-D8B9-4E6D-A29D-7273F324741E}.Release|Any CPU.Build.0 = Release|Any CPU
		{390FFDD9-D8B9-4E6D-A29D-7273F324741E}.Release|Mixed Platforms.ActiveCfg = Release|Any CPU
		{390FFDD9-D8B9-4E6D-A29D-7273F324741E}.Release|Mixed Platforms.Build.0 = Release|Any CPU
		{390FFDD9-D8B9-4E6D-A29D-7273F324741E}.Release|x86.ActiveCfg = Release|Any CPU
		{0FAF0E99-79B6-4F10-9A22-ED1839E22387}.Debug|Any CPU.ActiveCfg = Debug|Any CPU
		{0FAF0E99-79B6-4F10-9A22-ED1839E22387}.Debug|Any CPU.Build.0 = Debug|Any CPU
		{0FAF0E99-79B6-4F10-9A22-ED1839E22387}.Debug|Mixed Platforms.ActiveCfg = Debug|Any CPU
		{0FAF0E99-79B6-4F10-9A22-ED1839E22387}.Debug|Mixed Platforms.Build.0 = Debug|Any CPU
		{0FAF0E99-79B6-4F10-9A22-ED1839E22387}.Debug|x86.ActiveCfg = Debug|Any CPU
		{0FAF0E99-79B6-4F10-9A22-ED1839E22387}.Release|Any CPU.ActiveCfg = Release|Any CPU
		{0FAF0E99-79B6-4F10-9A22-ED1839E22387}.Release|Any CPU.Build.0 = Release|Any CPU
		{0FAF0E99-79B6-4F10-9A22-ED1839E22387}.Release|Mixed Platforms.ActiveCfg = Release|Any CPU
		{0FAF0E99-79B6-4F10-9A22-ED1839E22387}.Release|Mixed Platforms.Build.0 = Release|Any CPU
		{0FAF0E99-79B6-4F10-9A22-ED1839E22387}.Release|x86.ActiveCfg = Release|Any CPU
		{198B6B6E-A2BA-4706-B39E-43A198E1D6CD}.Debug|Any CPU.ActiveCfg = Debug|Any CPU
		{198B6B6E-A2BA-4706-B39E-43A198E1D6CD}.Debug|Any CPU.Build.0 = Debug|Any CPU
		{198B6B6E-A2BA-4706-B39E-43A198E1D6CD}.Debug|Mixed Platforms.ActiveCfg = Debug|Any CPU
		{198B6B6E-A2BA-4706-B39E-43A198E1D6CD}.Debug|Mixed Platforms.Build.0 = Debug|Any CPU
		{198B6B6E-A2BA-4706-B39E-43A198E1D6CD}.Debug|x86.ActiveCfg = Debug|Any CPU
		{198B6B6E-A2BA-4706-B39E-43A198E1D6CD}.Release|Any CPU.ActiveCfg = Release|Any CPU
		{198B6B6E-A2BA-4706-B39E-43A198E1D6CD}.Release|Any CPU.Build.0 = Release|Any CPU
		{198B6B6E-A2BA-4706-B39E-43A198E1D6CD}.Release|Mixed Platforms.ActiveCfg = Release|Any CPU
		{198B6B6E-A2BA-4706-B39E-43A198E1D6CD}.Release|Mixed Platforms.Build.0 = Release|Any CPU
		{198B6B6E-A2BA-4706-B39E-43A198E1D6CD}.Release|x86.ActiveCfg = Release|Any CPU
		{6D2207DE-8C36-428A-BD96-614C75DD5A0C}.Debug|Any CPU.ActiveCfg = Debug|Any CPU
		{6D2207DE-8C36-428A-BD96-614C75DD5A0C}.Debug|Any CPU.Build.0 = Debug|Any CPU
		{6D2207DE-8C36-428A-BD96-614C75DD5A0C}.Debug|Mixed Platforms.ActiveCfg = Debug|Any CPU
		{6D2207DE-8C36-428A-BD96-614C75DD5A0C}.Debug|Mixed Platforms.Build.0 = Debug|Any CPU
		{6D2207DE-8C36-428A-BD96-614C75DD5A0C}.Debug|x86.ActiveCfg = Debug|Any CPU
		{6D2207DE-8C36-428A-BD96-614C75DD5A0C}.Release|Any CPU.ActiveCfg = Release|Any CPU
		{6D2207DE-8C36-428A-BD96-614C75DD5A0C}.Release|Any CPU.Build.0 = Release|Any CPU
		{6D2207DE-8C36-428A-BD96-614C75DD5A0C}.Release|Mixed Platforms.ActiveCfg = Release|Any CPU
		{6D2207DE-8C36-428A-BD96-614C75DD5A0C}.Release|Mixed Platforms.Build.0 = Release|Any CPU
		{6D2207DE-8C36-428A-BD96-614C75DD5A0C}.Release|x86.ActiveCfg = Release|Any CPU
		{56002669-156C-4002-9072-E4329E1D1B2C}.Debug|Any CPU.ActiveCfg = Debug|Any CPU
		{56002669-156C-4002-9072-E4329E1D1B2C}.Debug|Any CPU.Build.0 = Debug|Any CPU
		{56002669-156C-4002-9072-E4329E1D1B2C}.Debug|Mixed Platforms.ActiveCfg = Debug|Any CPU
		{56002669-156C-4002-9072-E4329E1D1B2C}.Debug|Mixed Platforms.Build.0 = Debug|Any CPU
		{56002669-156C-4002-9072-E4329E1D1B2C}.Debug|x86.ActiveCfg = Debug|Any CPU
		{56002669-156C-4002-9072-E4329E1D1B2C}.Release|Any CPU.ActiveCfg = Release|Any CPU
		{56002669-156C-4002-9072-E4329E1D1B2C}.Release|Any CPU.Build.0 = Release|Any CPU
		{56002669-156C-4002-9072-E4329E1D1B2C}.Release|Mixed Platforms.ActiveCfg = Release|Any CPU
		{56002669-156C-4002-9072-E4329E1D1B2C}.Release|Mixed Platforms.Build.0 = Release|Any CPU
		{56002669-156C-4002-9072-E4329E1D1B2C}.Release|x86.ActiveCfg = Release|Any CPU
		{8340D7E7-7D37-4A6A-BC9F-DB956BCE9218}.Debug|Any CPU.ActiveCfg = Debug|Any CPU
		{8340D7E7-7D37-4A6A-BC9F-DB956BCE9218}.Debug|Any CPU.Build.0 = Debug|Any CPU
		{8340D7E7-7D37-4A6A-BC9F-DB956BCE9218}.Debug|Mixed Platforms.ActiveCfg = Debug|Any CPU
		{8340D7E7-7D37-4A6A-BC9F-DB956BCE9218}.Debug|Mixed Platforms.Build.0 = Debug|Any CPU
		{8340D7E7-7D37-4A6A-BC9F-DB956BCE9218}.Debug|x86.ActiveCfg = Debug|Any CPU
		{8340D7E7-7D37-4A6A-BC9F-DB956BCE9218}.Release|Any CPU.ActiveCfg = Release|Any CPU
		{8340D7E7-7D37-4A6A-BC9F-DB956BCE9218}.Release|Any CPU.Build.0 = Release|Any CPU
		{8340D7E7-7D37-4A6A-BC9F-DB956BCE9218}.Release|Mixed Platforms.ActiveCfg = Release|Any CPU
		{8340D7E7-7D37-4A6A-BC9F-DB956BCE9218}.Release|Mixed Platforms.Build.0 = Release|Any CPU
		{8340D7E7-7D37-4A6A-BC9F-DB956BCE9218}.Release|x86.ActiveCfg = Release|Any CPU
		{BF8892B7-CA8F-4FF8-B7C3-766CD512C7F4}.Debug|Any CPU.ActiveCfg = Debug|Any CPU
		{BF8892B7-CA8F-4FF8-B7C3-766CD512C7F4}.Debug|Any CPU.Build.0 = Debug|Any CPU
		{BF8892B7-CA8F-4FF8-B7C3-766CD512C7F4}.Debug|Mixed Platforms.ActiveCfg = Debug|Any CPU
		{BF8892B7-CA8F-4FF8-B7C3-766CD512C7F4}.Debug|Mixed Platforms.Build.0 = Debug|Any CPU
		{BF8892B7-CA8F-4FF8-B7C3-766CD512C7F4}.Debug|x86.ActiveCfg = Debug|Any CPU
		{BF8892B7-CA8F-4FF8-B7C3-766CD512C7F4}.Release|Any CPU.ActiveCfg = Release|Any CPU
		{BF8892B7-CA8F-4FF8-B7C3-766CD512C7F4}.Release|Any CPU.Build.0 = Release|Any CPU
		{BF8892B7-CA8F-4FF8-B7C3-766CD512C7F4}.Release|Mixed Platforms.ActiveCfg = Release|Any CPU
		{BF8892B7-CA8F-4FF8-B7C3-766CD512C7F4}.Release|Mixed Platforms.Build.0 = Release|Any CPU
		{BF8892B7-CA8F-4FF8-B7C3-766CD512C7F4}.Release|x86.ActiveCfg = Release|Any CPU
		{515E0E25-DE62-4C8B-890F-9EACFF65B79F}.Debug|Any CPU.ActiveCfg = Debug|Any CPU
		{515E0E25-DE62-4C8B-890F-9EACFF65B79F}.Debug|Any CPU.Build.0 = Debug|Any CPU
		{515E0E25-DE62-4C8B-890F-9EACFF65B79F}.Debug|Mixed Platforms.ActiveCfg = Debug|Any CPU
		{515E0E25-DE62-4C8B-890F-9EACFF65B79F}.Debug|Mixed Platforms.Build.0 = Debug|Any CPU
		{515E0E25-DE62-4C8B-890F-9EACFF65B79F}.Debug|x86.ActiveCfg = Debug|Any CPU
		{515E0E25-DE62-4C8B-890F-9EACFF65B79F}.Release|Any CPU.ActiveCfg = Release|Any CPU
		{515E0E25-DE62-4C8B-890F-9EACFF65B79F}.Release|Any CPU.Build.0 = Release|Any CPU
		{515E0E25-DE62-4C8B-890F-9EACFF65B79F}.Release|Mixed Platforms.ActiveCfg = Release|Any CPU
		{515E0E25-DE62-4C8B-890F-9EACFF65B79F}.Release|Mixed Platforms.Build.0 = Release|Any CPU
		{515E0E25-DE62-4C8B-890F-9EACFF65B79F}.Release|x86.ActiveCfg = Release|Any CPU
		{D7C9F853-3B0D-4F07-AAEC-7A59F1081260}.Debug|Any CPU.ActiveCfg = Debug|Any CPU
		{D7C9F853-3B0D-4F07-AAEC-7A59F1081260}.Debug|Any CPU.Build.0 = Debug|Any CPU
		{D7C9F853-3B0D-4F07-AAEC-7A59F1081260}.Debug|Mixed Platforms.ActiveCfg = Debug|Any CPU
		{D7C9F853-3B0D-4F07-AAEC-7A59F1081260}.Debug|Mixed Platforms.Build.0 = Debug|Any CPU
		{D7C9F853-3B0D-4F07-AAEC-7A59F1081260}.Debug|x86.ActiveCfg = Debug|Any CPU
		{D7C9F853-3B0D-4F07-AAEC-7A59F1081260}.Release|Any CPU.ActiveCfg = Release|Any CPU
		{D7C9F853-3B0D-4F07-AAEC-7A59F1081260}.Release|Any CPU.Build.0 = Release|Any CPU
		{D7C9F853-3B0D-4F07-AAEC-7A59F1081260}.Release|Mixed Platforms.ActiveCfg = Release|Any CPU
		{D7C9F853-3B0D-4F07-AAEC-7A59F1081260}.Release|Mixed Platforms.Build.0 = Release|Any CPU
		{D7C9F853-3B0D-4F07-AAEC-7A59F1081260}.Release|x86.ActiveCfg = Release|Any CPU
	EndGlobalSection
	GlobalSection(SolutionProperties) = preSolution
		HideSolutionNode = FALSE
	EndGlobalSection
	GlobalSection(NestedProjects) = preSolution
		{14AF1D53-3A3E-4740-A56B-C93555DD21A9} = {327D85D0-D338-4584-8ADC-F081ABBB8206}
		{48BAF198-55B8-4BCB-92F9-BAA0A98B4FE9} = {DB38C11D-FC0C-4FDB-9AAE-775F2F268546}
		{B2127A13-6FE1-4B46-98EA-6F4BB565670C} = {DB38C11D-FC0C-4FDB-9AAE-775F2F268546}
		{77642012-7D37-4461-B14C-CD949E2A3B9E} = {DB38C11D-FC0C-4FDB-9AAE-775F2F268546}
		{E0304F04-479B-4075-81DD-FF598EB0B886} = {5E9B8579-4671-443F-87AE-C4C4A63E5832}
		{83321B3C-59FC-4EE7-837C-2A8AAE9CABBD} = {2775A811-EF20-4DC6-A306-ACB6C18D3579}
		{41D7133A-6565-4EB6-AD11-9B3B4C016A08} = {2775A811-EF20-4DC6-A306-ACB6C18D3579}
		{FAD9C2CE-02DA-4E40-9201-1EA610C681C5} = {2775A811-EF20-4DC6-A306-ACB6C18D3579}
		{52B8E535-646D-4C0F-9E9D-ABE8F6E333CA} = {2775A811-EF20-4DC6-A306-ACB6C18D3579}
		{2CF7304E-30C8-4E62-81D1-6BF26BD560A9} = {2775A811-EF20-4DC6-A306-ACB6C18D3579}
		{8D48C4C2-3539-4AB6-B365-600C88273879} = {5E9B8579-4671-443F-87AE-C4C4A63E5832}
		{476D97E4-3F48-4408-AB90-7A28412045F7} = {5E9B8579-4671-443F-87AE-C4C4A63E5832}
		{93CF71AD-5360-4205-B274-6082CB3A2928} = {5E9B8579-4671-443F-87AE-C4C4A63E5832}
		{2DB044FA-29CF-411C-A50E-5EE0910C1B09} = {DB38C11D-FC0C-4FDB-9AAE-775F2F268546}
		{B430A3D4-5D24-4CED-8DE2-2C5B9D559133} = {DB38C11D-FC0C-4FDB-9AAE-775F2F268546}
		{F1B404FD-4516-4BF3-A80C-0CD35D267987} = {772080ED-9FF6-4EF9-A026-CC61CDFBA647}
		{36876378-CC3E-4AAD-955B-318E8EA2F59A} = {772080ED-9FF6-4EF9-A026-CC61CDFBA647}
		{390FFDD9-D8B9-4E6D-A29D-7273F324741E} = {DB38C11D-FC0C-4FDB-9AAE-775F2F268546}
		{0FAF0E99-79B6-4F10-9A22-ED1839E22387} = {772080ED-9FF6-4EF9-A026-CC61CDFBA647}
		{198B6B6E-A2BA-4706-B39E-43A198E1D6CD} = {DB38C11D-FC0C-4FDB-9AAE-775F2F268546}
		{6D2207DE-8C36-428A-BD96-614C75DD5A0C} = {DB38C11D-FC0C-4FDB-9AAE-775F2F268546}
		{56002669-156C-4002-9072-E4329E1D1B2C} = {327D85D0-D338-4584-8ADC-F081ABBB8206}
		{8340D7E7-7D37-4A6A-BC9F-DB956BCE9218} = {79976105-A143-4C1E-8053-FF897934AAE4}
		{79976105-A143-4C1E-8053-FF897934AAE4} = {DB38C11D-FC0C-4FDB-9AAE-775F2F268546}
		{327D85D0-D338-4584-8ADC-F081ABBB8206} = {DB38C11D-FC0C-4FDB-9AAE-775F2F268546}
		{BF8892B7-CA8F-4FF8-B7C3-766CD512C7F4} = {79976105-A143-4C1E-8053-FF897934AAE4}
		{515E0E25-DE62-4C8B-890F-9EACFF65B79F} = {DB38C11D-FC0C-4FDB-9AAE-775F2F268546}
		{D7C9F853-3B0D-4F07-AAEC-7A59F1081260} = {2775A811-EF20-4DC6-A306-ACB6C18D3579}
	EndGlobalSection
EndGlobal
